{
  "version": 4,
  "terraform_version": "1.4.6",
  "serial": 1402,
  "lineage": "88446a4f-6fb8-fd32-b2dd-dae56adcf0fa",
  "outputs": {},
  "resources": [
    {
      "mode": "managed",
      "type": "aws_alb_target_group_attachment",
      "name": "asignacion-destinos-authentication",
      "provider": "provider[\"registry.terraform.io/hashicorp/aws\"]",
      "instances": [
        {
          "index_key": 0,
          "schema_version": 0,
          "attributes": {
            "availability_zone": null,
            "id": "arn:aws:elasticloadbalancing:us-east-1:690031176274:targetgroup/authentication-target-tf/88f5c9597fb56107-20230612155725517600000007",
            "port": null,
            "target_group_arn": "arn:aws:elasticloadbalancing:us-east-1:690031176274:targetgroup/authentication-target-tf/88f5c9597fb56107",
            "target_id": "i-058d6d0d62e451253"
          },
          "sensitive_attributes": [],
          "private": "bnVsbA==",
          "dependencies": [
            "aws_ecs_cluster.cluster-app-tf",
            "aws_iam_instance_profile.perfil-ecsInstanceRole-tf",
            "aws_iam_role.ecsInstanceRole-tf",
            "aws_instance.ec2-ecs-tf",
            "aws_lb_target_group.authentication-target-tf",
            "aws_security_group.bastion-sg-tf",
            "aws_security_group.servicios-sg-tf",
            "aws_subnet.subred-servicios-1a-tf",
            "aws_vpc.vpc-tf"
          ]
        },
        {
          "index_key": 1,
          "schema_version": 0,
          "attributes": {
            "availability_zone": null,
            "id": "arn:aws:elasticloadbalancing:us-east-1:690031176274:targetgroup/authentication-target-tf/88f5c9597fb56107-2023061215572581070000000a",
            "port": null,
            "target_group_arn": "arn:aws:elasticloadbalancing:us-east-1:690031176274:targetgroup/authentication-target-tf/88f5c9597fb56107",
            "target_id": "i-04b069db06979c5bc"
          },
          "sensitive_attributes": [],
          "private": "bnVsbA==",
          "dependencies": [
            "aws_ecs_cluster.cluster-app-tf",
            "aws_iam_instance_profile.perfil-ecsInstanceRole-tf",
            "aws_iam_role.ecsInstanceRole-tf",
            "aws_instance.ec2-ecs-tf",
            "aws_lb_target_group.authentication-target-tf",
            "aws_security_group.bastion-sg-tf",
            "aws_security_group.servicios-sg-tf",
            "aws_subnet.subred-servicios-1a-tf",
            "aws_vpc.vpc-tf"
          ]
        }
      ]
    },
    {
      "mode": "managed",
      "type": "aws_alb_target_group_attachment",
      "name": "asignacion-destinos-plots",
      "provider": "provider[\"registry.terraform.io/hashicorp/aws\"]",
      "instances": [
        {
          "index_key": 0,
          "schema_version": 0,
          "attributes": {
            "availability_zone": null,
            "id": "arn:aws:elasticloadbalancing:us-east-1:690031176274:targetgroup/plots-target-tf/dbf2a4f022f66b79-2023061215572591800000000c",
            "port": null,
            "target_group_arn": "arn:aws:elasticloadbalancing:us-east-1:690031176274:targetgroup/plots-target-tf/dbf2a4f022f66b79",
            "target_id": "i-058d6d0d62e451253"
          },
          "sensitive_attributes": [],
          "private": "bnVsbA==",
          "dependencies": [
            "aws_ecs_cluster.cluster-app-tf",
            "aws_iam_instance_profile.perfil-ecsInstanceRole-tf",
            "aws_iam_role.ecsInstanceRole-tf",
            "aws_instance.ec2-ecs-tf",
            "aws_lb_target_group.plots-target-tf",
            "aws_security_group.bastion-sg-tf",
            "aws_security_group.servicios-sg-tf",
            "aws_subnet.subred-servicios-1a-tf",
            "aws_vpc.vpc-tf"
          ]
        },
        {
          "index_key": 1,
          "schema_version": 0,
          "attributes": {
            "availability_zone": null,
            "id": "arn:aws:elasticloadbalancing:us-east-1:690031176274:targetgroup/plots-target-tf/dbf2a4f022f66b79-2023061215572587110000000b",
            "port": null,
            "target_group_arn": "arn:aws:elasticloadbalancing:us-east-1:690031176274:targetgroup/plots-target-tf/dbf2a4f022f66b79",
            "target_id": "i-04b069db06979c5bc"
          },
          "sensitive_attributes": [],
          "private": "bnVsbA==",
          "dependencies": [
            "aws_ecs_cluster.cluster-app-tf",
            "aws_iam_instance_profile.perfil-ecsInstanceRole-tf",
            "aws_iam_role.ecsInstanceRole-tf",
            "aws_instance.ec2-ecs-tf",
            "aws_lb_target_group.plots-target-tf",
            "aws_security_group.bastion-sg-tf",
            "aws_security_group.servicios-sg-tf",
            "aws_subnet.subred-servicios-1a-tf",
            "aws_vpc.vpc-tf"
          ]
        }
      ]
    },
    {
      "mode": "managed",
      "type": "aws_alb_target_group_attachment",
      "name": "asignacion-destinos-sensor",
      "provider": "provider[\"registry.terraform.io/hashicorp/aws\"]",
      "instances": [
        {
          "index_key": 0,
          "schema_version": 0,
          "attributes": {
            "availability_zone": null,
            "id": "arn:aws:elasticloadbalancing:us-east-1:690031176274:targetgroup/sensor-target-tf/7ed046ae4e1b7059-20230612155725593700000009",
            "port": null,
            "target_group_arn": "arn:aws:elasticloadbalancing:us-east-1:690031176274:targetgroup/sensor-target-tf/7ed046ae4e1b7059",
            "target_id": "i-058d6d0d62e451253"
          },
          "sensitive_attributes": [],
          "private": "bnVsbA==",
          "dependencies": [
            "aws_ecs_cluster.cluster-app-tf",
            "aws_iam_instance_profile.perfil-ecsInstanceRole-tf",
            "aws_iam_role.ecsInstanceRole-tf",
            "aws_instance.ec2-ecs-tf",
            "aws_lb_target_group.sensor-target-tf",
            "aws_security_group.bastion-sg-tf",
            "aws_security_group.servicios-sg-tf",
            "aws_subnet.subred-servicios-1a-tf",
            "aws_vpc.vpc-tf"
          ]
        },
        {
          "index_key": 1,
          "schema_version": 0,
          "attributes": {
            "availability_zone": null,
            "id": "arn:aws:elasticloadbalancing:us-east-1:690031176274:targetgroup/sensor-target-tf/7ed046ae4e1b7059-20230612155725548200000008",
            "port": null,
            "target_group_arn": "arn:aws:elasticloadbalancing:us-east-1:690031176274:targetgroup/sensor-target-tf/7ed046ae4e1b7059",
            "target_id": "i-04b069db06979c5bc"
          },
          "sensitive_attributes": [],
          "private": "bnVsbA==",
          "dependencies": [
            "aws_ecs_cluster.cluster-app-tf",
            "aws_iam_instance_profile.perfil-ecsInstanceRole-tf",
            "aws_iam_role.ecsInstanceRole-tf",
            "aws_instance.ec2-ecs-tf",
            "aws_lb_target_group.sensor-target-tf",
            "aws_security_group.bastion-sg-tf",
            "aws_security_group.servicios-sg-tf",
            "aws_subnet.subred-servicios-1a-tf",
            "aws_vpc.vpc-tf"
          ]
        }
      ]
    },
    {
      "mode": "managed",
      "type": "aws_alb_target_group_attachment",
      "name": "asignacion-destinos-statistics",
      "provider": "provider[\"registry.terraform.io/hashicorp/aws\"]",
      "instances": [
        {
          "index_key": 0,
          "schema_version": 0,
          "attributes": {
            "availability_zone": null,
            "id": "arn:aws:elasticloadbalancing:us-east-1:690031176274:targetgroup/statistics-target-tf/5cf5aeeee0406737-2023061215572611630000000e",
            "port": null,
            "target_group_arn": "arn:aws:elasticloadbalancing:us-east-1:690031176274:targetgroup/statistics-target-tf/5cf5aeeee0406737",
            "target_id": "i-058d6d0d62e451253"
          },
          "sensitive_attributes": [],
          "private": "bnVsbA==",
          "dependencies": [
            "aws_ecs_cluster.cluster-app-tf",
            "aws_iam_instance_profile.perfil-ecsInstanceRole-tf",
            "aws_iam_role.ecsInstanceRole-tf",
            "aws_instance.ec2-ecs-tf",
            "aws_lb_target_group.statistics-target-tf",
            "aws_security_group.bastion-sg-tf",
            "aws_security_group.servicios-sg-tf",
            "aws_subnet.subred-servicios-1a-tf",
            "aws_vpc.vpc-tf"
          ]
        },
        {
          "index_key": 1,
          "schema_version": 0,
          "attributes": {
            "availability_zone": null,
            "id": "arn:aws:elasticloadbalancing:us-east-1:690031176274:targetgroup/statistics-target-tf/5cf5aeeee0406737-2023061215572605420000000d",
            "port": null,
            "target_group_arn": "arn:aws:elasticloadbalancing:us-east-1:690031176274:targetgroup/statistics-target-tf/5cf5aeeee0406737",
            "target_id": "i-04b069db06979c5bc"
          },
          "sensitive_attributes": [],
          "private": "bnVsbA==",
          "dependencies": [
            "aws_ecs_cluster.cluster-app-tf",
            "aws_iam_instance_profile.perfil-ecsInstanceRole-tf",
            "aws_iam_role.ecsInstanceRole-tf",
            "aws_instance.ec2-ecs-tf",
            "aws_lb_target_group.statistics-target-tf",
            "aws_security_group.bastion-sg-tf",
            "aws_security_group.servicios-sg-tf",
            "aws_subnet.subred-servicios-1a-tf",
            "aws_vpc.vpc-tf"
          ]
        }
      ]
    },
    {
      "mode": "managed",
      "type": "aws_db_instance",
      "name": "rds-authentication-mysql-tf",
      "provider": "provider[\"registry.terraform.io/hashicorp/aws\"]",
      "instances": [
        {
          "schema_version": 1,
          "attributes": {
            "address": "rds-authentication-mysql-tf.cvt9cc7dxazz.us-east-1.rds.amazonaws.com",
            "allocated_storage": 20,
            "allow_major_version_upgrade": null,
            "apply_immediately": false,
            "arn": "arn:aws:rds:us-east-1:690031176274:db:rds-authentication-mysql-tf",
            "auto_minor_version_upgrade": true,
            "availability_zone": "us-east-1a",
            "backup_retention_period": 0,
            "backup_window": "09:00-09:30",
            "blue_green_update": [],
            "ca_cert_identifier": "rds-ca-2019",
            "character_set_name": "",
            "copy_tags_to_snapshot": false,
            "custom_iam_instance_profile": "",
            "customer_owned_ip_enabled": false,
            "db_name": "users",
            "db_subnet_group_name": "databases-grupo-subnet-tf",
            "delete_automated_backups": true,
            "deletion_protection": false,
            "domain": "",
            "domain_iam_role_name": "",
            "enabled_cloudwatch_logs_exports": null,
            "endpoint": "rds-authentication-mysql-tf.cvt9cc7dxazz.us-east-1.rds.amazonaws.com:3306",
            "engine": "mysql",
            "engine_version": "5.7",
            "engine_version_actual": "5.7.41",
            "final_snapshot_identifier": null,
            "hosted_zone_id": "Z2R2ITUGPM61AM",
            "iam_database_authentication_enabled": false,
            "id": "rds-authentication-mysql-tf",
            "identifier": "rds-authentication-mysql-tf",
            "identifier_prefix": "",
            "instance_class": "db.t3.micro",
            "iops": 0,
            "kms_key_id": "",
            "latest_restorable_time": "",
            "license_model": "general-public-license",
            "maintenance_window": "wed:06:56-wed:07:26",
            "max_allocated_storage": 0,
            "monitoring_interval": 0,
            "monitoring_role_arn": "",
            "multi_az": false,
            "name": "users",
            "nchar_character_set_name": "",
            "network_type": "IPV4",
            "option_group_name": "default:mysql-5-7",
            "parameter_group_name": "default.mysql5.7",
            "password": "password",
            "performance_insights_enabled": false,
            "performance_insights_kms_key_id": "",
            "performance_insights_retention_period": 0,
            "port": 3306,
            "publicly_accessible": false,
            "replica_mode": "",
            "replicas": [],
            "replicate_source_db": "",
            "resource_id": "db-RCHCNLBTHEIOQPKZAJTONBY5FY",
            "restore_to_point_in_time": [],
            "s3_import": [],
            "security_group_names": null,
            "skip_final_snapshot": true,
            "snapshot_identifier": null,
            "status": "available",
            "storage_encrypted": false,
            "storage_throughput": 0,
            "storage_type": "gp2",
            "tags": null,
            "tags_all": {},
            "timeouts": null,
            "timezone": "",
            "username": "root",
            "vpc_security_group_ids": [
              "sg-0c477e771e92dcb2b"
            ]
          },
          "sensitive_attributes": [],
          "private": "eyJlMmJmYjczMC1lY2FhLTExZTYtOGY4OC0zNDM2M2JjN2M0YzAiOnsiY3JlYXRlIjoyNDAwMDAwMDAwMDAwLCJkZWxldGUiOjM2MDAwMDAwMDAwMDAsInVwZGF0ZSI6NDgwMDAwMDAwMDAwMH0sInNjaGVtYV92ZXJzaW9uIjoiMSJ9",
          "dependencies": [
            "aws_db_subnet_group.databases-grupo-subnet-tf",
            "aws_security_group.bastion-sg-tf",
            "aws_security_group.databases-sg-tf",
            "aws_subnet.subred-databases-1a-tf",
            "aws_subnet.subred-databases-1b-tf",
            "aws_vpc.vpc-tf"
          ]
        }
      ]
    },
    {
      "mode": "managed",
      "type": "aws_db_instance",
      "name": "rds-sensor-postgres-tf",
      "provider": "provider[\"registry.terraform.io/hashicorp/aws\"]",
      "instances": [
        {
          "schema_version": 1,
          "attributes": {
            "address": "sensor-postgres-tf.cvt9cc7dxazz.us-east-1.rds.amazonaws.com",
            "allocated_storage": 20,
            "allow_major_version_upgrade": null,
            "apply_immediately": false,
            "arn": "arn:aws:rds:us-east-1:690031176274:db:sensor-postgres-tf",
            "auto_minor_version_upgrade": true,
            "availability_zone": "us-east-1a",
            "backup_retention_period": 0,
            "backup_window": "06:50-07:20",
            "blue_green_update": [],
            "ca_cert_identifier": "rds-ca-2019",
            "character_set_name": "",
            "copy_tags_to_snapshot": false,
            "custom_iam_instance_profile": "",
            "customer_owned_ip_enabled": false,
            "db_name": "sensors",
            "db_subnet_group_name": "databases-grupo-subnet-tf",
            "delete_automated_backups": true,
            "deletion_protection": false,
            "domain": "",
            "domain_iam_role_name": "",
            "enabled_cloudwatch_logs_exports": null,
            "endpoint": "sensor-postgres-tf.cvt9cc7dxazz.us-east-1.rds.amazonaws.com:5432",
            "engine": "postgres",
            "engine_version": "14",
            "engine_version_actual": "14.7",
            "final_snapshot_identifier": null,
            "hosted_zone_id": "Z2R2ITUGPM61AM",
            "iam_database_authentication_enabled": false,
            "id": "sensor-postgres-tf",
            "identifier": "sensor-postgres-tf",
            "identifier_prefix": "",
            "instance_class": "db.t3.micro",
            "iops": 0,
            "kms_key_id": "",
            "latest_restorable_time": "",
            "license_model": "postgresql-license",
            "maintenance_window": "sat:03:42-sat:04:12",
            "max_allocated_storage": 0,
            "monitoring_interval": 0,
            "monitoring_role_arn": "",
            "multi_az": false,
            "name": "sensors",
            "nchar_character_set_name": "",
            "network_type": "IPV4",
            "option_group_name": "default:postgres-14",
            "parameter_group_name": "default.postgres14",
            "password": "password",
            "performance_insights_enabled": false,
            "performance_insights_kms_key_id": "",
            "performance_insights_retention_period": 0,
            "port": 5432,
            "publicly_accessible": false,
            "replica_mode": "",
            "replicas": [],
            "replicate_source_db": "",
            "resource_id": "db-CZ2TUZOU6RKZEKJQIAHT62GR4A",
            "restore_to_point_in_time": [],
            "s3_import": [],
            "security_group_names": null,
            "skip_final_snapshot": true,
            "snapshot_identifier": null,
            "status": "available",
            "storage_encrypted": false,
            "storage_throughput": 0,
            "storage_type": "gp2",
            "tags": null,
            "tags_all": {},
            "timeouts": null,
            "timezone": "",
            "username": "postgres",
            "vpc_security_group_ids": [
              "sg-0c477e771e92dcb2b"
            ]
          },
          "sensitive_attributes": [],
          "private": "eyJlMmJmYjczMC1lY2FhLTExZTYtOGY4OC0zNDM2M2JjN2M0YzAiOnsiY3JlYXRlIjoyNDAwMDAwMDAwMDAwLCJkZWxldGUiOjM2MDAwMDAwMDAwMDAsInVwZGF0ZSI6NDgwMDAwMDAwMDAwMH0sInNjaGVtYV92ZXJzaW9uIjoiMSJ9",
          "dependencies": [
            "aws_db_subnet_group.databases-grupo-subnet-tf",
            "aws_security_group.bastion-sg-tf",
            "aws_security_group.databases-sg-tf",
            "aws_subnet.subred-databases-1a-tf",
            "aws_subnet.subred-databases-1b-tf",
            "aws_vpc.vpc-tf"
          ]
        }
      ]
    },
    {
      "mode": "managed",
      "type": "aws_db_subnet_group",
      "name": "databases-grupo-subnet-tf",
      "provider": "provider[\"registry.terraform.io/hashicorp/aws\"]",
      "instances": [
        {
          "schema_version": 0,
          "attributes": {
            "arn": "arn:aws:rds:us-east-1:690031176274:subgrp:databases-grupo-subnet-tf",
            "description": "Grupo de subredes para las RDS, AZs us-east-1a y us-east-1b ",
            "id": "databases-grupo-subnet-tf",
            "name": "databases-grupo-subnet-tf",
            "name_prefix": "",
            "subnet_ids": [
              "subnet-030c492f2d77888ef",
              "subnet-0621d0458d4b48d0f"
            ],
            "supported_network_types": [
              "IPV4"
            ],
            "tags": {
              "Name": "databases-grupo-subnet-tf"
            },
            "tags_all": {
              "Name": "databases-grupo-subnet-tf"
            }
          },
          "sensitive_attributes": [],
          "private": "bnVsbA==",
          "dependencies": [
            "aws_subnet.subred-databases-1a-tf",
            "aws_subnet.subred-databases-1b-tf",
            "aws_vpc.vpc-tf"
          ]
        }
      ]
    },
    {
      "mode": "managed",
      "type": "aws_ecs_cluster",
      "name": "cluster-app-tf",
      "provider": "provider[\"registry.terraform.io/hashicorp/aws\"]",
      "instances": [
        {
          "schema_version": 0,
          "attributes": {
            "arn": "arn:aws:ecs:us-east-1:690031176274:cluster/cluster-app-tf",
            "capacity_providers": [],
            "configuration": [],
            "default_capacity_provider_strategy": [],
            "id": "arn:aws:ecs:us-east-1:690031176274:cluster/cluster-app-tf",
            "name": "cluster-app-tf",
            "service_connect_defaults": [],
            "setting": [
              {
                "name": "containerInsights",
                "value": "disabled"
              }
            ],
            "tags": {
              "Name": "cluster-app-tf"
            },
            "tags_all": {
              "Name": "cluster-app-tf"
            }
          },
          "sensitive_attributes": [],
          "private": "bnVsbA=="
        }
      ]
    },
    {
      "mode": "managed",
      "type": "aws_ecs_task_definition",
      "name": "tarea-authentication-tf",
      "provider": "provider[\"registry.terraform.io/hashicorp/aws\"]",
      "instances": [
        {
          "schema_version": 1,
          "attributes": {
            "arn": "arn:aws:ecs:us-east-1:690031176274:task-definition/tarea-authentication-tf:4",
            "container_definitions": "[{\"cpu\":0,\"environment\":[],\"environmentFiles\":[{\"type\":\"s3\",\"value\":\"arn:aws:s3:::db-services-bucket-tf/env_vars.env\"}],\"essential\":true,\"image\":\"jesusbc/authentication\",\"memoryReservation\":300,\"mountPoints\":[],\"name\":\"authentication\",\"portMappings\":[{\"containerPort\":8999,\"hostPort\":8999,\"protocol\":\"tcp\"}],\"volumesFrom\":[]}]",
            "cpu": "",
            "ephemeral_storage": [],
            "execution_role_arn": "arn:aws:iam::690031176274:role/ecsTaskExecutionRole",
            "family": "tarea-authentication-tf",
            "id": "tarea-authentication-tf",
            "inference_accelerator": [],
            "ipc_mode": "",
            "memory": "",
            "network_mode": "",
            "pid_mode": "",
            "placement_constraints": [],
            "proxy_configuration": [],
            "requires_compatibilities": [
              "EC2"
            ],
            "revision": 4,
            "runtime_platform": [],
            "skip_destroy": false,
            "tags": null,
            "tags_all": {},
            "task_role_arn": "arn:aws:iam::690031176274:role/ecsTaskExecutionRole",
            "volume": []
          },
          "sensitive_attributes": [],
          "private": "eyJzY2hlbWFfdmVyc2lvbiI6IjEifQ=="
        }
      ]
    },
    {
      "mode": "managed",
      "type": "aws_ecs_task_definition",
      "name": "tarea-plots-tf",
      "provider": "provider[\"registry.terraform.io/hashicorp/aws\"]",
      "instances": [
        {
          "schema_version": 1,
          "attributes": {
            "arn": "arn:aws:ecs:us-east-1:690031176274:task-definition/tarea-plots-tf:6",
            "container_definitions": "[{\"cpu\":0,\"environment\":[],\"environmentFiles\":[{\"type\":\"s3\",\"value\":\"arn:aws:s3:::db-services-bucket-tf/env_vars.env\"}],\"essential\":true,\"image\":\"jesusbc/plots\",\"memoryReservation\":300,\"mountPoints\":[],\"name\":\"plots\",\"portMappings\":[{\"containerPort\":8080,\"hostPort\":8080,\"protocol\":\"tcp\"}],\"volumesFrom\":[]}]",
            "cpu": "",
            "ephemeral_storage": [],
            "execution_role_arn": "arn:aws:iam::690031176274:role/ecsTaskExecutionRole",
            "family": "tarea-plots-tf",
            "id": "tarea-plots-tf",
            "inference_accelerator": [],
            "ipc_mode": "",
            "memory": "",
            "network_mode": "",
            "pid_mode": "",
            "placement_constraints": [],
            "proxy_configuration": [],
            "requires_compatibilities": [
              "EC2"
            ],
            "revision": 6,
            "runtime_platform": [],
            "skip_destroy": false,
            "tags": null,
            "tags_all": {},
            "task_role_arn": "arn:aws:iam::690031176274:role/ecsTaskExecutionRole",
            "volume": []
          },
          "sensitive_attributes": [],
          "private": "eyJzY2hlbWFfdmVyc2lvbiI6IjEifQ=="
        }
      ]
    },
    {
      "mode": "managed",
      "type": "aws_ecs_task_definition",
      "name": "tarea-sensor-tf",
      "provider": "provider[\"registry.terraform.io/hashicorp/aws\"]",
      "instances": [
        {
          "schema_version": 1,
          "attributes": {
            "arn": "arn:aws:ecs:us-east-1:690031176274:task-definition/tarea-sensor-tf:4",
            "container_definitions": "[{\"cpu\":0,\"environment\":[],\"environmentFiles\":[{\"type\":\"s3\",\"value\":\"arn:aws:s3:::db-services-bucket-tf/env_vars.env\"}],\"essential\":true,\"image\":\"jesusbc/sensor\",\"memoryReservation\":300,\"mountPoints\":[],\"name\":\"sensor\",\"portMappings\":[{\"containerPort\":8081,\"hostPort\":8081,\"protocol\":\"tcp\"}],\"volumesFrom\":[]}]",
            "cpu": "",
            "ephemeral_storage": [],
            "execution_role_arn": "arn:aws:iam::690031176274:role/ecsTaskExecutionRole",
            "family": "tarea-sensor-tf",
            "id": "tarea-sensor-tf",
            "inference_accelerator": [],
            "ipc_mode": "",
            "memory": "",
            "network_mode": "",
            "pid_mode": "",
            "placement_constraints": [],
            "proxy_configuration": [],
            "requires_compatibilities": [
              "EC2"
            ],
            "revision": 4,
            "runtime_platform": [],
            "skip_destroy": false,
            "tags": null,
            "tags_all": {},
            "task_role_arn": "arn:aws:iam::690031176274:role/ecsTaskExecutionRole",
            "volume": []
          },
          "sensitive_attributes": [],
          "private": "eyJzY2hlbWFfdmVyc2lvbiI6IjEifQ=="
        }
      ]
    },
    {
      "mode": "managed",
      "type": "aws_ecs_task_definition",
      "name": "tarea-statistics-tf",
      "provider": "provider[\"registry.terraform.io/hashicorp/aws\"]",
      "instances": [
        {
          "schema_version": 1,
          "attributes": {
            "arn": "arn:aws:ecs:us-east-1:690031176274:task-definition/tarea-statistics-tf:4",
            "container_definitions": "[{\"cpu\":0,\"environment\":[],\"environmentFiles\":[{\"type\":\"s3\",\"value\":\"arn:aws:s3:::db-services-bucket-tf/env_vars.env\"}],\"essential\":true,\"image\":\"jesusbc/statistics\",\"memoryReservation\":300,\"mountPoints\":[],\"name\":\"statistics\",\"portMappings\":[{\"containerPort\":8082,\"hostPort\":8082,\"protocol\":\"tcp\"}],\"volumesFrom\":[]}]",
            "cpu": "",
            "ephemeral_storage": [],
            "execution_role_arn": "arn:aws:iam::690031176274:role/ecsTaskExecutionRole",
            "family": "tarea-statistics-tf",
            "id": "tarea-statistics-tf",
            "inference_accelerator": [],
            "ipc_mode": "",
            "memory": "",
            "network_mode": "",
            "pid_mode": "",
            "placement_constraints": [],
            "proxy_configuration": [],
            "requires_compatibilities": [
              "EC2"
            ],
            "revision": 4,
            "runtime_platform": [],
            "skip_destroy": false,
            "tags": null,
            "tags_all": {},
            "task_role_arn": "arn:aws:iam::690031176274:role/ecsTaskExecutionRole",
            "volume": []
          },
          "sensitive_attributes": [],
          "private": "eyJzY2hlbWFfdmVyc2lvbiI6IjEifQ=="
        }
      ]
    },
    {
      "mode": "managed",
      "type": "aws_efs_file_system",
      "name": "efs-tf",
      "provider": "provider[\"registry.terraform.io/hashicorp/aws\"]",
      "instances": [
        {
          "schema_version": 0,
          "attributes": {
            "arn": "arn:aws:elasticfilesystem:us-east-1:690031176274:file-system/fs-0e723c82e71bbb7c8",
            "availability_zone_id": "",
            "availability_zone_name": "",
            "creation_token": "efs-tf",
            "dns_name": "fs-0e723c82e71bbb7c8.efs.us-east-1.amazonaws.com",
            "encrypted": true,
            "id": "fs-0e723c82e71bbb7c8",
            "kms_key_id": "arn:aws:kms:us-east-1:690031176274:key/f5be0bcc-1c11-486c-9f81-f6332cb9a94f",
            "lifecycle_policy": [],
            "number_of_mount_targets": 0,
            "owner_id": "690031176274",
            "performance_mode": "generalPurpose",
            "provisioned_throughput_in_mibps": 0,
            "size_in_bytes": [
              {
                "value": 6144,
                "value_in_ia": 0,
                "value_in_standard": 6144
              }
            ],
            "tags": {
              "Name": "efs-tf"
            },
            "tags_all": {
              "Name": "efs-tf"
            },
            "throughput_mode": "bursting"
          },
          "sensitive_attributes": [],
          "private": "bnVsbA=="
        }
      ]
    },
    {
      "mode": "managed",
      "type": "aws_efs_mount_target",
      "name": "efs-mt",
      "provider": "provider[\"registry.terraform.io/hashicorp/aws\"]",
      "instances": [
        {
          "schema_version": 0,
          "attributes": {
            "availability_zone_id": "use1-az2",
            "availability_zone_name": "us-east-1a",
            "dns_name": "fs-0e723c82e71bbb7c8.efs.us-east-1.amazonaws.com",
            "file_system_arn": "arn:aws:elasticfilesystem:us-east-1:690031176274:file-system/fs-0e723c82e71bbb7c8",
            "file_system_id": "fs-0e723c82e71bbb7c8",
            "id": "fsmt-0eb4ca7f4263a7e70",
            "ip_address": "10.1.30.14",
            "mount_target_dns_name": "us-east-1a.fs-0e723c82e71bbb7c8.efs.us-east-1.amazonaws.com",
            "network_interface_id": "eni-089862e025af4051c",
            "owner_id": "690031176274",
            "security_groups": [
              "sg-09e8f168584ee6c37"
            ],
            "subnet_id": "subnet-0621d0458d4b48d0f"
          },
          "sensitive_attributes": [],
          "private": "bnVsbA==",
          "dependencies": [
            "aws_efs_file_system.efs-tf",
            "aws_security_group.efs-sg-tf",
            "aws_subnet.subred-databases-1a-tf",
            "aws_vpc.vpc-tf"
          ]
        }
      ]
    },
    {
      "mode": "managed",
      "type": "aws_eip",
      "name": "ip-eslastica-nat-tf",
      "provider": "provider[\"registry.terraform.io/hashicorp/aws\"]",
      "instances": [
        {
          "schema_version": 0,
          "attributes": {
            "address": null,
            "allocation_id": "eipalloc-0dd34660a5797a689",
            "associate_with_private_ip": null,
            "association_id": "",
            "carrier_ip": "",
            "customer_owned_ip": "",
            "customer_owned_ipv4_pool": "",
            "domain": "vpc",
            "id": "eipalloc-0dd34660a5797a689",
            "instance": "",
            "network_border_group": "us-east-1",
            "network_interface": "",
            "private_dns": null,
            "private_ip": "",
            "public_dns": "ec2-52-203-123-24.compute-1.amazonaws.com",
            "public_ip": "52.203.123.24",
            "public_ipv4_pool": "amazon",
            "tags": {
              "Name": "ip-eslastica-nat-tf"
            },
            "tags_all": {
              "Name": "ip-eslastica-nat-tf"
            },
            "timeouts": null,
            "vpc": true
          },
          "sensitive_attributes": [],
          "private": "eyJlMmJmYjczMC1lY2FhLTExZTYtOGY4OC0zNDM2M2JjN2M0YzAiOnsiZGVsZXRlIjoxODAwMDAwMDAwMDAsInJlYWQiOjkwMDAwMDAwMDAwMCwidXBkYXRlIjozMDAwMDAwMDAwMDB9fQ=="
        }
      ]
    },
    {
      "mode": "managed",
      "type": "aws_iam_instance_profile",
      "name": "perfil-AmazonS3FullAccess-tf",
      "provider": "provider[\"registry.terraform.io/hashicorp/aws\"]",
      "instances": [
        {
          "schema_version": 0,
          "attributes": {
            "arn": "arn:aws:iam::690031176274:instance-profile/perfil-AmazonS3FullAccess-tf",
            "create_date": "2023-06-12T15:56:17Z",
            "id": "perfil-AmazonS3FullAccess-tf",
            "name": "perfil-AmazonS3FullAccess-tf",
            "name_prefix": null,
            "path": "/",
            "role": "AmazonS3FullAccess-tf",
            "tags": null,
            "tags_all": {},
            "unique_id": "AIPA2BKIQFJJECN6KECRZ"
          },
          "sensitive_attributes": [],
          "private": "bnVsbA==",
          "dependencies": [
            "aws_iam_role.AmazonS3FullAccess-tf"
          ]
        }
      ]
    },
    {
      "mode": "managed",
      "type": "aws_iam_instance_profile",
      "name": "perfil-ecsInstanceRole-tf",
      "provider": "provider[\"registry.terraform.io/hashicorp/aws\"]",
      "instances": [
        {
          "schema_version": 0,
          "attributes": {
            "arn": "arn:aws:iam::690031176274:instance-profile/perfil-ecsInstanceRole-tf",
            "create_date": "2023-06-12T15:56:17Z",
            "id": "perfil-ecsInstanceRole-tf",
            "name": "perfil-ecsInstanceRole-tf",
            "name_prefix": null,
            "path": "/",
            "role": "ecsInstanceRole-tf",
            "tags": null,
            "tags_all": {},
            "unique_id": "AIPA2BKIQFJJLLDOP27QJ"
          },
          "sensitive_attributes": [],
          "private": "bnVsbA==",
          "dependencies": [
            "aws_iam_role.ecsInstanceRole-tf"
          ]
        }
      ]
    },
    {
      "mode": "managed",
      "type": "aws_iam_role",
      "name": "AmazonS3FullAccess-tf",
      "provider": "provider[\"registry.terraform.io/hashicorp/aws\"]",
      "instances": [
        {
          "schema_version": 0,
          "attributes": {
            "arn": "arn:aws:iam::690031176274:role/AmazonS3FullAccess-tf",
            "assume_role_policy": "{\"Statement\":[{\"Action\":\"sts:AssumeRole\",\"Effect\":\"Allow\",\"Principal\":{\"Service\":\"ec2.amazonaws.com\"}}],\"Version\":\"2012-10-17\"}",
            "create_date": "2023-06-12T15:56:15Z",
            "description": "",
            "force_detach_policies": false,
            "id": "AmazonS3FullAccess-tf",
            "inline_policy": [],
            "managed_policy_arns": [],
            "max_session_duration": 3600,
            "name": "AmazonS3FullAccess-tf",
            "name_prefix": "",
            "path": "/",
            "permissions_boundary": null,
            "tags": null,
            "tags_all": {},
            "unique_id": "AROA2BKIQFJJEOS25J34Z"
          },
          "sensitive_attributes": [],
          "private": "bnVsbA=="
        }
      ]
    },
    {
      "mode": "managed",
      "type": "aws_iam_role",
      "name": "ecsInstanceRole-tf",
      "provider": "provider[\"registry.terraform.io/hashicorp/aws\"]",
      "instances": [
        {
          "schema_version": 0,
          "attributes": {
            "arn": "arn:aws:iam::690031176274:role/ecsInstanceRole-tf",
            "assume_role_policy": "{\"Statement\":[{\"Action\":\"sts:AssumeRole\",\"Effect\":\"Allow\",\"Principal\":{\"Service\":\"ec2.amazonaws.com\"}}],\"Version\":\"2012-10-17\"}",
            "create_date": "2023-06-12T15:56:15Z",
            "description": "",
            "force_detach_policies": false,
            "id": "ecsInstanceRole-tf",
            "inline_policy": [],
            "managed_policy_arns": [],
            "max_session_duration": 3600,
            "name": "ecsInstanceRole-tf",
            "name_prefix": "",
            "path": "/",
            "permissions_boundary": null,
            "tags": null,
            "tags_all": {},
            "unique_id": "AROA2BKIQFJJLBAYKVMLC"
          },
          "sensitive_attributes": [],
          "private": "bnVsbA=="
        }
      ]
    },
    {
      "mode": "managed",
      "type": "aws_iam_role_policy_attachment",
      "name": "asignacion-politica-AmazonS3FullAccess",
      "provider": "provider[\"registry.terraform.io/hashicorp/aws\"]",
      "instances": [
        {
          "schema_version": 0,
          "attributes": {
            "id": "AmazonS3FullAccess-tf-20230612155617037100000002",
            "policy_arn": "arn:aws:iam::aws:policy/AmazonS3FullAccess",
            "role": "AmazonS3FullAccess-tf"
          },
          "sensitive_attributes": [],
          "private": "bnVsbA==",
          "dependencies": [
            "aws_iam_role.AmazonS3FullAccess-tf"
          ]
        }
      ]
    },
    {
      "mode": "managed",
      "type": "aws_iam_role_policy_attachment",
      "name": "asignacion-politica-ecsInstanceRole",
      "provider": "provider[\"registry.terraform.io/hashicorp/aws\"]",
      "instances": [
        {
          "schema_version": 0,
          "attributes": {
            "id": "ecsInstanceRole-tf-20230612155617025700000001",
            "policy_arn": "arn:aws:iam::aws:policy/service-role/AmazonEC2ContainerServiceforEC2Role",
            "role": "ecsInstanceRole-tf"
          },
          "sensitive_attributes": [],
          "private": "bnVsbA==",
          "dependencies": [
            "aws_iam_role.ecsInstanceRole-tf"
          ]
        }
      ]
    },
    {
      "mode": "managed",
      "type": "aws_instance",
      "name": "ec2-bastion-tf",
      "provider": "provider[\"registry.terraform.io/hashicorp/aws\"]",
      "instances": [
        {
          "schema_version": 1,
          "attributes": {
            "ami": "ami-0715c1897453cabd1",
            "arn": "arn:aws:ec2:us-east-1:690031176274:instance/i-08c98efb946acba1c",
            "associate_public_ip_address": true,
            "availability_zone": "us-east-1a",
            "capacity_reservation_specification": [
              {
                "capacity_reservation_preference": "open",
                "capacity_reservation_target": []
              }
            ],
            "cpu_core_count": 1,
            "cpu_threads_per_core": 1,
            "credit_specification": [
              {
                "cpu_credits": "standard"
              }
            ],
            "disable_api_stop": false,
            "disable_api_termination": false,
            "ebs_block_device": [],
            "ebs_optimized": false,
            "enclave_options": [
              {
                "enabled": false
              }
            ],
            "ephemeral_block_device": [],
            "get_password_data": false,
            "hibernation": false,
            "host_id": null,
            "host_resource_group_arn": null,
            "iam_instance_profile": "perfil-AmazonS3FullAccess-tf",
            "id": "i-08c98efb946acba1c",
            "instance_initiated_shutdown_behavior": "stop",
            "instance_state": "running",
            "instance_type": "t2.micro",
            "ipv6_address_count": 0,
            "ipv6_addresses": [],
            "key_name": "clave_maquinas_TFG",
            "launch_template": [],
            "maintenance_options": [
              {
                "auto_recovery": "default"
              }
            ],
            "metadata_options": [
              {
                "http_endpoint": "enabled",
                "http_put_response_hop_limit": 2,
                "http_tokens": "required",
                "instance_metadata_tags": "disabled"
              }
            ],
            "monitoring": false,
            "network_interface": [],
            "outpost_arn": "",
            "password_data": "",
            "placement_group": "",
            "placement_partition_number": null,
            "primary_network_interface_id": "eni-08846f5ea71bef3ca",
            "private_dns": "ip-10-1-10-145.ec2.internal",
            "private_dns_name_options": [
              {
                "enable_resource_name_dns_a_record": false,
                "enable_resource_name_dns_aaaa_record": false,
                "hostname_type": "ip-name"
              }
            ],
            "private_ip": "10.1.10.145",
            "public_dns": "ec2-54-208-163-45.compute-1.amazonaws.com",
            "public_ip": "54.208.163.45",
            "root_block_device": [
              {
                "delete_on_termination": true,
                "device_name": "/dev/xvda",
                "encrypted": false,
                "iops": 3000,
                "kms_key_id": "",
                "tags": {},
                "throughput": 125,
                "volume_id": "vol-0ec8899d77f800ca8",
                "volume_size": 8,
                "volume_type": "gp3"
              }
            ],
            "secondary_private_ips": [],
            "security_groups": [],
            "source_dest_check": true,
            "subnet_id": "subnet-02f91e2468446f16a",
            "tags": {
              "Name": "ec2-bastion-tf"
            },
            "tags_all": {
              "Name": "ec2-bastion-tf"
            },
            "tenancy": "default",
            "timeouts": null,
            "user_data": "5c6eae6bad34a160f0219180f38c04250bb02036",
            "user_data_base64": null,
            "user_data_replace_on_change": false,
            "volume_tags": null,
            "vpc_security_group_ids": [
              "sg-0558130baae3ea2da"
            ]
          },
          "sensitive_attributes": [],
          "private": "eyJlMmJmYjczMC1lY2FhLTExZTYtOGY4OC0zNDM2M2JjN2M0YzAiOnsiY3JlYXRlIjo2MDAwMDAwMDAwMDAsImRlbGV0ZSI6MTIwMDAwMDAwMDAwMCwidXBkYXRlIjo2MDAwMDAwMDAwMDB9LCJzY2hlbWFfdmVyc2lvbiI6IjEifQ==",
          "dependencies": [
            "aws_efs_file_system.efs-tf",
            "aws_efs_mount_target.efs-mt",
            "aws_iam_instance_profile.perfil-AmazonS3FullAccess-tf",
            "aws_iam_role.AmazonS3FullAccess-tf",
            "aws_security_group.bastion-sg-tf",
            "aws_security_group.efs-sg-tf",
            "aws_subnet.subred-databases-1a-tf",
            "aws_subnet.subred-servicios-1a-tf",
            "aws_vpc.vpc-tf"
          ]
        }
      ]
    },
    {
      "mode": "managed",
      "type": "aws_instance",
      "name": "ec2-ecs-tf",
      "provider": "provider[\"registry.terraform.io/hashicorp/aws\"]",
      "instances": [
        {
          "index_key": 0,
          "schema_version": 1,
          "attributes": {
            "ami": "ami-04d9730eb75fb5301",
            "arn": "arn:aws:ec2:us-east-1:690031176274:instance/i-058d6d0d62e451253",
            "associate_public_ip_address": true,
            "availability_zone": "us-east-1a",
            "capacity_reservation_specification": [
              {
                "capacity_reservation_preference": "open",
                "capacity_reservation_target": []
              }
            ],
            "cpu_core_count": 1,
            "cpu_threads_per_core": 1,
            "credit_specification": [
              {
                "cpu_credits": "standard"
              }
            ],
            "disable_api_stop": false,
            "disable_api_termination": false,
            "ebs_block_device": [],
            "ebs_optimized": false,
            "enclave_options": [
              {
                "enabled": false
              }
            ],
            "ephemeral_block_device": [],
            "get_password_data": false,
            "hibernation": false,
            "host_id": null,
            "host_resource_group_arn": null,
            "iam_instance_profile": "perfil-ecsInstanceRole-tf",
            "id": "i-058d6d0d62e451253",
            "instance_initiated_shutdown_behavior": "stop",
            "instance_state": "running",
            "instance_type": "t2.micro",
            "ipv6_address_count": 0,
            "ipv6_addresses": [],
            "key_name": "clave_maquinas_TFG",
            "launch_template": [],
            "maintenance_options": [
              {
                "auto_recovery": "default"
              }
            ],
            "metadata_options": [
              {
                "http_endpoint": "enabled",
                "http_put_response_hop_limit": 1,
                "http_tokens": "optional",
                "instance_metadata_tags": "disabled"
              }
            ],
            "monitoring": false,
            "network_interface": [],
            "outpost_arn": "",
            "password_data": "",
            "placement_group": "",
            "placement_partition_number": null,
            "primary_network_interface_id": "eni-04b9c599c1369fcb2",
            "private_dns": "ip-10-1-10-93.ec2.internal",
            "private_dns_name_options": [
              {
                "enable_resource_name_dns_a_record": false,
                "enable_resource_name_dns_aaaa_record": false,
                "hostname_type": "ip-name"
              }
            ],
            "private_ip": "10.1.10.93",
            "public_dns": "ec2-54-174-203-244.compute-1.amazonaws.com",
            "public_ip": "54.174.203.244",
            "root_block_device": [
              {
                "delete_on_termination": true,
                "device_name": "/dev/xvda",
                "encrypted": false,
                "iops": 100,
                "kms_key_id": "",
                "tags": {},
                "throughput": 0,
                "volume_id": "vol-08232f63507eac6f8",
                "volume_size": 30,
                "volume_type": "gp2"
              }
            ],
            "secondary_private_ips": [],
            "security_groups": [],
            "source_dest_check": true,
            "subnet_id": "subnet-02f91e2468446f16a",
            "tags": {
              "Name": "ec2-ecs-1-tf"
            },
            "tags_all": {
              "Name": "ec2-ecs-1-tf"
            },
            "tenancy": "default",
            "timeouts": null,
            "user_data": "5ddb73d2973a63a2496f958ce331f4d0fe09e0dc",
            "user_data_base64": null,
            "user_data_replace_on_change": false,
            "volume_tags": null,
            "vpc_security_group_ids": [
              "sg-0fe386af3c2b0d306"
            ]
          },
          "sensitive_attributes": [],
          "private": "eyJlMmJmYjczMC1lY2FhLTExZTYtOGY4OC0zNDM2M2JjN2M0YzAiOnsiY3JlYXRlIjo2MDAwMDAwMDAwMDAsImRlbGV0ZSI6MTIwMDAwMDAwMDAwMCwidXBkYXRlIjo2MDAwMDAwMDAwMDB9LCJzY2hlbWFfdmVyc2lvbiI6IjEifQ==",
          "dependencies": [
            "aws_ecs_cluster.cluster-app-tf",
            "aws_iam_instance_profile.perfil-ecsInstanceRole-tf",
            "aws_iam_role.ecsInstanceRole-tf",
            "aws_security_group.bastion-sg-tf",
            "aws_security_group.servicios-sg-tf",
            "aws_subnet.subred-servicios-1a-tf",
            "aws_vpc.vpc-tf"
          ]
        },
        {
          "index_key": 1,
          "schema_version": 1,
          "attributes": {
            "ami": "ami-04d9730eb75fb5301",
            "arn": "arn:aws:ec2:us-east-1:690031176274:instance/i-04b069db06979c5bc",
            "associate_public_ip_address": true,
            "availability_zone": "us-east-1a",
            "capacity_reservation_specification": [
              {
                "capacity_reservation_preference": "open",
                "capacity_reservation_target": []
              }
            ],
            "cpu_core_count": 1,
            "cpu_threads_per_core": 1,
            "credit_specification": [
              {
                "cpu_credits": "standard"
              }
            ],
            "disable_api_stop": false,
            "disable_api_termination": false,
            "ebs_block_device": [],
            "ebs_optimized": false,
            "enclave_options": [
              {
                "enabled": false
              }
            ],
            "ephemeral_block_device": [],
            "get_password_data": false,
            "hibernation": false,
            "host_id": null,
            "host_resource_group_arn": null,
            "iam_instance_profile": "perfil-ecsInstanceRole-tf",
            "id": "i-04b069db06979c5bc",
            "instance_initiated_shutdown_behavior": "stop",
            "instance_state": "running",
            "instance_type": "t2.micro",
            "ipv6_address_count": 0,
            "ipv6_addresses": [],
            "key_name": "clave_maquinas_TFG",
            "launch_template": [],
            "maintenance_options": [
              {
                "auto_recovery": "default"
              }
            ],
            "metadata_options": [
              {
                "http_endpoint": "enabled",
                "http_put_response_hop_limit": 1,
                "http_tokens": "optional",
                "instance_metadata_tags": "disabled"
              }
            ],
            "monitoring": false,
            "network_interface": [],
            "outpost_arn": "",
            "password_data": "",
            "placement_group": "",
            "placement_partition_number": null,
            "primary_network_interface_id": "eni-009334fb2ac3b8f70",
            "private_dns": "ip-10-1-10-72.ec2.internal",
            "private_dns_name_options": [
              {
                "enable_resource_name_dns_a_record": false,
                "enable_resource_name_dns_aaaa_record": false,
                "hostname_type": "ip-name"
              }
            ],
            "private_ip": "10.1.10.72",
            "public_dns": "ec2-34-203-244-244.compute-1.amazonaws.com",
            "public_ip": "34.203.244.244",
            "root_block_device": [
              {
                "delete_on_termination": true,
                "device_name": "/dev/xvda",
                "encrypted": false,
                "iops": 100,
                "kms_key_id": "",
                "tags": {},
                "throughput": 0,
                "volume_id": "vol-02b2bfff18bbb08de",
                "volume_size": 30,
                "volume_type": "gp2"
              }
            ],
            "secondary_private_ips": [],
            "security_groups": [],
            "source_dest_check": true,
            "subnet_id": "subnet-02f91e2468446f16a",
            "tags": {
              "Name": "ec2-ecs-2-tf"
            },
            "tags_all": {
              "Name": "ec2-ecs-2-tf"
            },
            "tenancy": "default",
            "timeouts": null,
            "user_data": "5ddb73d2973a63a2496f958ce331f4d0fe09e0dc",
            "user_data_base64": null,
            "user_data_replace_on_change": false,
            "volume_tags": null,
            "vpc_security_group_ids": [
              "sg-0fe386af3c2b0d306"
            ]
          },
          "sensitive_attributes": [],
          "private": "eyJlMmJmYjczMC1lY2FhLTExZTYtOGY4OC0zNDM2M2JjN2M0YzAiOnsiY3JlYXRlIjo2MDAwMDAwMDAwMDAsImRlbGV0ZSI6MTIwMDAwMDAwMDAwMCwidXBkYXRlIjo2MDAwMDAwMDAwMDB9LCJzY2hlbWFfdmVyc2lvbiI6IjEifQ==",
          "dependencies": [
            "aws_ecs_cluster.cluster-app-tf",
            "aws_iam_instance_profile.perfil-ecsInstanceRole-tf",
            "aws_iam_role.ecsInstanceRole-tf",
            "aws_security_group.bastion-sg-tf",
            "aws_security_group.servicios-sg-tf",
            "aws_subnet.subred-servicios-1a-tf",
            "aws_vpc.vpc-tf"
          ]
        }
      ]
    },
    {
      "mode": "managed",
      "type": "aws_instance",
      "name": "ec2-front-tf",
      "provider": "provider[\"registry.terraform.io/hashicorp/aws\"]",
      "instances": [
        {
          "schema_version": 1,
          "attributes": {
            "ami": "ami-0715c1897453cabd1",
            "arn": "arn:aws:ec2:us-east-1:690031176274:instance/i-0d172183ef6c75d4b",
            "associate_public_ip_address": true,
            "availability_zone": "us-east-1b",
            "capacity_reservation_specification": [
              {
                "capacity_reservation_preference": "open",
                "capacity_reservation_target": []
              }
            ],
            "cpu_core_count": 1,
            "cpu_threads_per_core": 1,
            "credit_specification": [
              {
                "cpu_credits": "standard"
              }
            ],
            "disable_api_stop": false,
            "disable_api_termination": false,
            "ebs_block_device": [],
            "ebs_optimized": false,
            "enclave_options": [
              {
                "enabled": false
              }
            ],
            "ephemeral_block_device": [],
            "get_password_data": false,
            "hibernation": false,
            "host_id": null,
            "host_resource_group_arn": null,
            "iam_instance_profile": "perfil-AmazonS3FullAccess-tf",
            "id": "i-0d172183ef6c75d4b",
            "instance_initiated_shutdown_behavior": "stop",
            "instance_state": "running",
            "instance_type": "t2.small",
            "ipv6_address_count": 0,
            "ipv6_addresses": [],
            "key_name": "clave_maquinas_TFG",
            "launch_template": [],
            "maintenance_options": [
              {
                "auto_recovery": "default"
              }
            ],
            "metadata_options": [
              {
                "http_endpoint": "enabled",
                "http_put_response_hop_limit": 2,
                "http_tokens": "required",
                "instance_metadata_tags": "disabled"
              }
            ],
            "monitoring": false,
            "network_interface": [],
            "outpost_arn": "",
            "password_data": "",
            "placement_group": "",
            "placement_partition_number": null,
            "primary_network_interface_id": "eni-09095519239b14eec",
            "private_dns": "ip-10-1-20-21.ec2.internal",
            "private_dns_name_options": [
              {
                "enable_resource_name_dns_a_record": false,
                "enable_resource_name_dns_aaaa_record": false,
                "hostname_type": "ip-name"
              }
            ],
            "private_ip": "10.1.20.21",
            "public_dns": "ec2-3-95-61-240.compute-1.amazonaws.com",
            "public_ip": "3.95.61.240",
            "root_block_device": [
              {
                "delete_on_termination": true,
                "device_name": "/dev/xvda",
                "encrypted": false,
                "iops": 3000,
                "kms_key_id": "",
                "tags": {},
                "throughput": 125,
                "volume_id": "vol-06863c6f68d7cef99",
                "volume_size": 8,
                "volume_type": "gp3"
              }
            ],
            "secondary_private_ips": [],
            "security_groups": [],
            "source_dest_check": true,
            "subnet_id": "subnet-0e15c3d7d0e1fc11b",
            "tags": {
              "Name": "ec2-front-tf"
            },
            "tags_all": {
              "Name": "ec2-front-tf"
            },
            "tenancy": "default",
            "timeouts": null,
            "user_data": "51d9424b29c4d6fb98aa32701f29db1ae342865e",
            "user_data_base64": null,
            "user_data_replace_on_change": false,
            "volume_tags": null,
            "vpc_security_group_ids": [
              "sg-0a0814e650b5272f5"
            ]
          },
          "sensitive_attributes": [],
          "private": "eyJlMmJmYjczMC1lY2FhLTExZTYtOGY4OC0zNDM2M2JjN2M0YzAiOnsiY3JlYXRlIjo2MDAwMDAwMDAwMDAsImRlbGV0ZSI6MTIwMDAwMDAwMDAwMCwidXBkYXRlIjo2MDAwMDAwMDAwMDB9LCJzY2hlbWFfdmVyc2lvbiI6IjEifQ==",
          "dependencies": [
            "aws_db_instance.rds-authentication-mysql-tf",
            "aws_db_instance.rds-sensor-postgres-tf",
            "aws_db_subnet_group.databases-grupo-subnet-tf",
            "aws_efs_file_system.efs-tf",
            "aws_efs_mount_target.efs-mt",
            "aws_iam_instance_profile.perfil-AmazonS3FullAccess-tf",
            "aws_iam_role.AmazonS3FullAccess-tf",
            "aws_instance.ec2-bastion-tf",
            "aws_instance.ec2-plots-mongo-tf",
            "aws_instance.ec2-statistics-cassandra-tf",
            "aws_lb.ALB-tf",
            "aws_s3_bucket.db-services-bucket-tf",
            "aws_s3_object.env_vars_fichero",
            "aws_security_group.alb-sg-tf",
            "aws_security_group.bastion-sg-tf",
            "aws_security_group.databases-sg-tf",
            "aws_security_group.efs-sg-tf",
            "aws_security_group.front-sg-tf",
            "aws_subnet.subred-databases-1a-tf",
            "aws_subnet.subred-databases-1b-tf",
            "aws_subnet.subred-front-1b-tf",
            "aws_subnet.subred-servicios-1a-tf",
            "aws_vpc.vpc-tf"
          ]
        }
      ]
    },
    {
      "mode": "managed",
      "type": "aws_instance",
      "name": "ec2-plots-mongo-tf",
      "provider": "provider[\"registry.terraform.io/hashicorp/aws\"]",
      "instances": [
        {
          "schema_version": 1,
          "attributes": {
            "ami": "ami-0715c1897453cabd1",
            "arn": "arn:aws:ec2:us-east-1:690031176274:instance/i-0d02ada9f8e90bfcf",
            "associate_public_ip_address": false,
            "availability_zone": "us-east-1a",
            "capacity_reservation_specification": [
              {
                "capacity_reservation_preference": "open",
                "capacity_reservation_target": []
              }
            ],
            "cpu_core_count": 1,
            "cpu_threads_per_core": 1,
            "credit_specification": [
              {
                "cpu_credits": "standard"
              }
            ],
            "disable_api_stop": false,
            "disable_api_termination": false,
            "ebs_block_device": [],
            "ebs_optimized": false,
            "enclave_options": [
              {
                "enabled": false
              }
            ],
            "ephemeral_block_device": [],
            "get_password_data": false,
            "hibernation": false,
            "host_id": null,
            "host_resource_group_arn": null,
            "iam_instance_profile": "perfil-AmazonS3FullAccess-tf",
            "id": "i-0d02ada9f8e90bfcf",
            "instance_initiated_shutdown_behavior": "stop",
            "instance_state": "running",
            "instance_type": "t2.micro",
            "ipv6_address_count": 0,
            "ipv6_addresses": [],
            "key_name": "clave_maquinas_TFG",
            "launch_template": [],
            "maintenance_options": [
              {
                "auto_recovery": "default"
              }
            ],
            "metadata_options": [
              {
                "http_endpoint": "enabled",
                "http_put_response_hop_limit": 2,
                "http_tokens": "required",
                "instance_metadata_tags": "disabled"
              }
            ],
            "monitoring": false,
            "network_interface": [],
            "outpost_arn": "",
            "password_data": "",
            "placement_group": "",
            "placement_partition_number": null,
            "primary_network_interface_id": "eni-09ef557fc28223a11",
            "private_dns": "ip-10-1-30-253.ec2.internal",
            "private_dns_name_options": [
              {
                "enable_resource_name_dns_a_record": false,
                "enable_resource_name_dns_aaaa_record": false,
                "hostname_type": "ip-name"
              }
            ],
            "private_ip": "10.1.30.253",
            "public_dns": "",
            "public_ip": "",
            "root_block_device": [
              {
                "delete_on_termination": true,
                "device_name": "/dev/xvda",
                "encrypted": false,
                "iops": 3000,
                "kms_key_id": "",
                "tags": {},
                "throughput": 125,
                "volume_id": "vol-07a14bc815f0d557f",
                "volume_size": 8,
                "volume_type": "gp3"
              }
            ],
            "secondary_private_ips": [],
            "security_groups": [],
            "source_dest_check": true,
            "subnet_id": "subnet-0621d0458d4b48d0f",
            "tags": {
              "Name": "ec2-plots-mongo-tf"
            },
            "tags_all": {
              "Name": "ec2-plots-mongo-tf"
            },
            "tenancy": "default",
            "timeouts": null,
            "user_data": "e12d336d0707f12ff8004ddfaf04d2794feea806",
            "user_data_base64": null,
            "user_data_replace_on_change": false,
            "volume_tags": null,
            "vpc_security_group_ids": [
              "sg-0c477e771e92dcb2b"
            ]
          },
          "sensitive_attributes": [],
          "private": "eyJlMmJmYjczMC1lY2FhLTExZTYtOGY4OC0zNDM2M2JjN2M0YzAiOnsiY3JlYXRlIjo2MDAwMDAwMDAwMDAsImRlbGV0ZSI6MTIwMDAwMDAwMDAwMCwidXBkYXRlIjo2MDAwMDAwMDAwMDB9LCJzY2hlbWFfdmVyc2lvbiI6IjEifQ==",
          "dependencies": [
            "aws_efs_file_system.efs-tf",
            "aws_efs_mount_target.efs-mt",
            "aws_iam_instance_profile.perfil-AmazonS3FullAccess-tf",
            "aws_iam_role.AmazonS3FullAccess-tf",
            "aws_instance.ec2-bastion-tf",
            "aws_s3_bucket.db-services-bucket-tf",
            "aws_security_group.bastion-sg-tf",
            "aws_security_group.databases-sg-tf",
            "aws_security_group.efs-sg-tf",
            "aws_subnet.subred-databases-1a-tf",
            "aws_subnet.subred-servicios-1a-tf",
            "aws_vpc.vpc-tf"
          ]
        }
      ]
    },
    {
      "mode": "managed",
      "type": "aws_instance",
      "name": "ec2-statistics-cassandra-tf",
      "provider": "provider[\"registry.terraform.io/hashicorp/aws\"]",
      "instances": [
        {
          "schema_version": 1,
          "attributes": {
            "ami": "ami-0715c1897453cabd1",
            "arn": "arn:aws:ec2:us-east-1:690031176274:instance/i-0675f75605bd9afd0",
            "associate_public_ip_address": false,
            "availability_zone": "us-east-1a",
            "capacity_reservation_specification": [
              {
                "capacity_reservation_preference": "open",
                "capacity_reservation_target": []
              }
            ],
            "cpu_core_count": 2,
            "cpu_threads_per_core": 1,
            "credit_specification": [
              {
                "cpu_credits": "standard"
              }
            ],
            "disable_api_stop": false,
            "disable_api_termination": false,
            "ebs_block_device": [],
            "ebs_optimized": false,
            "enclave_options": [
              {
                "enabled": false
              }
            ],
            "ephemeral_block_device": [],
            "get_password_data": false,
            "hibernation": false,
            "host_id": null,
            "host_resource_group_arn": null,
            "iam_instance_profile": "perfil-AmazonS3FullAccess-tf",
            "id": "i-0675f75605bd9afd0",
            "instance_initiated_shutdown_behavior": "stop",
            "instance_state": "running",
            "instance_type": "t2.medium",
            "ipv6_address_count": 0,
            "ipv6_addresses": [],
            "key_name": "clave_maquinas_TFG",
            "launch_template": [],
            "maintenance_options": [
              {
                "auto_recovery": "default"
              }
            ],
            "metadata_options": [
              {
                "http_endpoint": "enabled",
                "http_put_response_hop_limit": 2,
                "http_tokens": "required",
                "instance_metadata_tags": "disabled"
              }
            ],
            "monitoring": false,
            "network_interface": [],
            "outpost_arn": "",
            "password_data": "",
            "placement_group": "",
            "placement_partition_number": null,
            "primary_network_interface_id": "eni-01bc429a930ebbbd6",
            "private_dns": "ip-10-1-30-59.ec2.internal",
            "private_dns_name_options": [
              {
                "enable_resource_name_dns_a_record": false,
                "enable_resource_name_dns_aaaa_record": false,
                "hostname_type": "ip-name"
              }
            ],
            "private_ip": "10.1.30.59",
            "public_dns": "",
            "public_ip": "",
            "root_block_device": [
              {
                "delete_on_termination": true,
                "device_name": "/dev/xvda",
                "encrypted": false,
                "iops": 3000,
                "kms_key_id": "",
                "tags": {},
                "throughput": 125,
                "volume_id": "vol-066eb068ff51f0350",
                "volume_size": 8,
                "volume_type": "gp3"
              }
            ],
            "secondary_private_ips": [],
            "security_groups": [],
            "source_dest_check": true,
            "subnet_id": "subnet-0621d0458d4b48d0f",
            "tags": {
              "Name": "ec2-statistics-cassandra-tf"
            },
            "tags_all": {
              "Name": "ec2-statistics-cassandra-tf"
            },
            "tenancy": "default",
            "timeouts": null,
            "user_data": "39bdcc124e5fd1d9c052682616cd0c54acacb5b6",
            "user_data_base64": null,
            "user_data_replace_on_change": false,
            "volume_tags": null,
            "vpc_security_group_ids": [
              "sg-0c477e771e92dcb2b"
            ]
          },
          "sensitive_attributes": [],
          "private": "eyJlMmJmYjczMC1lY2FhLTExZTYtOGY4OC0zNDM2M2JjN2M0YzAiOnsiY3JlYXRlIjo2MDAwMDAwMDAwMDAsImRlbGV0ZSI6MTIwMDAwMDAwMDAwMCwidXBkYXRlIjo2MDAwMDAwMDAwMDB9LCJzY2hlbWFfdmVyc2lvbiI6IjEifQ==",
          "dependencies": [
            "aws_efs_file_system.efs-tf",
            "aws_efs_mount_target.efs-mt",
            "aws_iam_instance_profile.perfil-AmazonS3FullAccess-tf",
            "aws_iam_role.AmazonS3FullAccess-tf",
            "aws_instance.ec2-bastion-tf",
            "aws_s3_bucket.db-services-bucket-tf",
            "aws_security_group.bastion-sg-tf",
            "aws_security_group.databases-sg-tf",
            "aws_security_group.efs-sg-tf",
            "aws_subnet.subred-databases-1a-tf",
            "aws_subnet.subred-servicios-1a-tf",
            "aws_vpc.vpc-tf"
          ]
        }
      ]
    },
    {
      "mode": "managed",
      "type": "aws_internet_gateway",
      "name": "igw-tf",
      "provider": "provider[\"registry.terraform.io/hashicorp/aws\"]",
      "instances": [
        {
          "schema_version": 0,
          "attributes": {
            "arn": "arn:aws:ec2:us-east-1:690031176274:internet-gateway/igw-03b5d6222b3b5029c",
            "id": "igw-03b5d6222b3b5029c",
            "owner_id": "690031176274",
            "tags": {
              "Name": "igw-tf"
            },
            "tags_all": {
              "Name": "igw-tf"
            },
            "timeouts": null,
            "vpc_id": "vpc-0ff8672d0ccc3cc11"
          },
          "sensitive_attributes": [],
          "private": "eyJlMmJmYjczMC1lY2FhLTExZTYtOGY4OC0zNDM2M2JjN2M0YzAiOnsiY3JlYXRlIjoxMjAwMDAwMDAwMDAwLCJkZWxldGUiOjEyMDAwMDAwMDAwMDAsInVwZGF0ZSI6MTIwMDAwMDAwMDAwMH19",
          "dependencies": [
            "aws_vpc.vpc-tf"
          ]
        }
      ]
    },
    {
      "mode": "managed",
      "type": "aws_lb",
      "name": "ALB-tf",
      "provider": "provider[\"registry.terraform.io/hashicorp/aws\"]",
      "instances": [
        {
          "schema_version": 0,
          "attributes": {
            "access_logs": [
              {
                "bucket": "",
                "enabled": false,
                "prefix": ""
              }
            ],
            "arn": "arn:aws:elasticloadbalancing:us-east-1:690031176274:loadbalancer/app/ALB-tf/626d7ae4914db17e",
            "arn_suffix": "app/ALB-tf/626d7ae4914db17e",
            "customer_owned_ipv4_pool": "",
            "desync_mitigation_mode": "defensive",
            "dns_name": "ALB-tf-1281770203.us-east-1.elb.amazonaws.com",
            "drop_invalid_header_fields": false,
            "enable_cross_zone_load_balancing": true,
            "enable_deletion_protection": false,
            "enable_http2": true,
            "enable_waf_fail_open": false,
            "id": "arn:aws:elasticloadbalancing:us-east-1:690031176274:loadbalancer/app/ALB-tf/626d7ae4914db17e",
            "idle_timeout": 60,
            "internal": false,
            "ip_address_type": "ipv4",
            "load_balancer_type": "application",
            "name": "ALB-tf",
            "name_prefix": null,
            "preserve_host_header": false,
            "security_groups": [
              "sg-0ab1f542d322038fc"
            ],
            "subnet_mapping": [
              {
                "allocation_id": "",
                "ipv6_address": "",
                "outpost_id": "",
                "private_ipv4_address": "",
                "subnet_id": "subnet-02f91e2468446f16a"
              },
              {
                "allocation_id": "",
                "ipv6_address": "",
                "outpost_id": "",
                "private_ipv4_address": "",
                "subnet_id": "subnet-0e15c3d7d0e1fc11b"
              }
            ],
            "subnets": [
              "subnet-02f91e2468446f16a",
              "subnet-0e15c3d7d0e1fc11b"
            ],
            "tags": {
              "Name": "ALB-tf"
            },
            "tags_all": {
              "Name": "ALB-tf"
            },
            "timeouts": null,
            "vpc_id": "vpc-0ff8672d0ccc3cc11",
            "zone_id": "Z35SXDOTRQ7X7K"
          },
          "sensitive_attributes": [],
          "private": "eyJlMmJmYjczMC1lY2FhLTExZTYtOGY4OC0zNDM2M2JjN2M0YzAiOnsiY3JlYXRlIjo2MDAwMDAwMDAwMDAsImRlbGV0ZSI6NjAwMDAwMDAwMDAwLCJ1cGRhdGUiOjYwMDAwMDAwMDAwMH19",
          "dependencies": [
            "aws_security_group.alb-sg-tf",
            "aws_subnet.subred-front-1b-tf",
            "aws_subnet.subred-servicios-1a-tf",
            "aws_vpc.vpc-tf"
          ]
        }
      ]
    },
    {
      "mode": "managed",
      "type": "aws_lb_listener",
      "name": "authentication-listener-tf",
      "provider": "provider[\"registry.terraform.io/hashicorp/aws\"]",
      "instances": [
        {
          "schema_version": 0,
          "attributes": {
            "alpn_policy": null,
            "arn": "arn:aws:elasticloadbalancing:us-east-1:690031176274:listener/app/ALB-tf/626d7ae4914db17e/9a4e1ccd66b69d08",
            "certificate_arn": null,
            "default_action": [
              {
                "authenticate_cognito": [],
                "authenticate_oidc": [],
                "fixed_response": [],
                "forward": [],
                "order": 1,
                "redirect": [],
                "target_group_arn": "arn:aws:elasticloadbalancing:us-east-1:690031176274:targetgroup/authentication-target-tf/88f5c9597fb56107",
                "type": "forward"
              }
            ],
            "id": "arn:aws:elasticloadbalancing:us-east-1:690031176274:listener/app/ALB-tf/626d7ae4914db17e/9a4e1ccd66b69d08",
            "load_balancer_arn": "arn:aws:elasticloadbalancing:us-east-1:690031176274:loadbalancer/app/ALB-tf/626d7ae4914db17e",
            "port": 8999,
            "protocol": "HTTP",
            "ssl_policy": "",
            "tags": null,
            "tags_all": {},
            "timeouts": null
          },
          "sensitive_attributes": [],
          "private": "eyJlMmJmYjczMC1lY2FhLTExZTYtOGY4OC0zNDM2M2JjN2M0YzAiOnsicmVhZCI6NjAwMDAwMDAwMDAwfX0=",
          "dependencies": [
            "aws_lb.ALB-tf",
            "aws_lb_target_group.authentication-target-tf",
            "aws_security_group.alb-sg-tf",
            "aws_subnet.subred-front-1b-tf",
            "aws_subnet.subred-servicios-1a-tf",
            "aws_vpc.vpc-tf"
          ]
        }
      ]
    },
    {
      "mode": "managed",
      "type": "aws_lb_listener",
      "name": "front-listener-tf",
      "provider": "provider[\"registry.terraform.io/hashicorp/aws\"]",
      "instances": [
        {
          "schema_version": 0,
          "attributes": {
            "alpn_policy": null,
            "arn": "arn:aws:elasticloadbalancing:us-east-1:690031176274:listener/app/ALB-tf/626d7ae4914db17e/b81a6b4beee1a266",
            "certificate_arn": null,
            "default_action": [
              {
                "authenticate_cognito": [],
                "authenticate_oidc": [],
                "fixed_response": [],
                "forward": [],
                "order": 1,
                "redirect": [],
                "target_group_arn": "arn:aws:elasticloadbalancing:us-east-1:690031176274:targetgroup/front-target-tf/50759a4e9bd84922",
                "type": "forward"
              }
            ],
            "id": "arn:aws:elasticloadbalancing:us-east-1:690031176274:listener/app/ALB-tf/626d7ae4914db17e/b81a6b4beee1a266",
            "load_balancer_arn": "arn:aws:elasticloadbalancing:us-east-1:690031176274:loadbalancer/app/ALB-tf/626d7ae4914db17e",
            "port": 4200,
            "protocol": "HTTP",
            "ssl_policy": "",
            "tags": null,
            "tags_all": {},
            "timeouts": null
          },
          "sensitive_attributes": [],
          "private": "eyJlMmJmYjczMC1lY2FhLTExZTYtOGY4OC0zNDM2M2JjN2M0YzAiOnsicmVhZCI6NjAwMDAwMDAwMDAwfX0=",
          "dependencies": [
            "aws_lb.ALB-tf",
            "aws_lb_target_group.front-target-tf",
            "aws_security_group.alb-sg-tf",
            "aws_subnet.subred-front-1b-tf",
            "aws_subnet.subred-servicios-1a-tf",
            "aws_vpc.vpc-tf"
          ]
        }
      ]
    },
    {
      "mode": "managed",
      "type": "aws_lb_listener",
      "name": "plots-listener-tf",
      "provider": "provider[\"registry.terraform.io/hashicorp/aws\"]",
      "instances": [
        {
          "schema_version": 0,
          "attributes": {
            "alpn_policy": null,
            "arn": "arn:aws:elasticloadbalancing:us-east-1:690031176274:listener/app/ALB-tf/626d7ae4914db17e/e0eb629a325adb91",
            "certificate_arn": null,
            "default_action": [
              {
                "authenticate_cognito": [],
                "authenticate_oidc": [],
                "fixed_response": [],
                "forward": [],
                "order": 1,
                "redirect": [],
                "target_group_arn": "arn:aws:elasticloadbalancing:us-east-1:690031176274:targetgroup/plots-target-tf/dbf2a4f022f66b79",
                "type": "forward"
              }
            ],
            "id": "arn:aws:elasticloadbalancing:us-east-1:690031176274:listener/app/ALB-tf/626d7ae4914db17e/e0eb629a325adb91",
            "load_balancer_arn": "arn:aws:elasticloadbalancing:us-east-1:690031176274:loadbalancer/app/ALB-tf/626d7ae4914db17e",
            "port": 8080,
            "protocol": "HTTP",
            "ssl_policy": "",
            "tags": null,
            "tags_all": {},
            "timeouts": null
          },
          "sensitive_attributes": [],
          "private": "eyJlMmJmYjczMC1lY2FhLTExZTYtOGY4OC0zNDM2M2JjN2M0YzAiOnsicmVhZCI6NjAwMDAwMDAwMDAwfX0=",
          "dependencies": [
            "aws_lb.ALB-tf",
            "aws_lb_target_group.plots-target-tf",
            "aws_security_group.alb-sg-tf",
            "aws_subnet.subred-front-1b-tf",
            "aws_subnet.subred-servicios-1a-tf",
            "aws_vpc.vpc-tf"
          ]
        }
      ]
    },
    {
      "mode": "managed",
      "type": "aws_lb_listener",
      "name": "sensor-listener-tf",
      "provider": "provider[\"registry.terraform.io/hashicorp/aws\"]",
      "instances": [
        {
          "schema_version": 0,
          "attributes": {
            "alpn_policy": null,
            "arn": "arn:aws:elasticloadbalancing:us-east-1:690031176274:listener/app/ALB-tf/626d7ae4914db17e/e45e51df8aae5657",
            "certificate_arn": null,
            "default_action": [
              {
                "authenticate_cognito": [],
                "authenticate_oidc": [],
                "fixed_response": [],
                "forward": [],
                "order": 1,
                "redirect": [],
                "target_group_arn": "arn:aws:elasticloadbalancing:us-east-1:690031176274:targetgroup/sensor-target-tf/7ed046ae4e1b7059",
                "type": "forward"
              }
            ],
            "id": "arn:aws:elasticloadbalancing:us-east-1:690031176274:listener/app/ALB-tf/626d7ae4914db17e/e45e51df8aae5657",
            "load_balancer_arn": "arn:aws:elasticloadbalancing:us-east-1:690031176274:loadbalancer/app/ALB-tf/626d7ae4914db17e",
            "port": 8081,
            "protocol": "HTTP",
            "ssl_policy": "",
            "tags": null,
            "tags_all": {},
            "timeouts": null
          },
          "sensitive_attributes": [],
          "private": "eyJlMmJmYjczMC1lY2FhLTExZTYtOGY4OC0zNDM2M2JjN2M0YzAiOnsicmVhZCI6NjAwMDAwMDAwMDAwfX0=",
          "dependencies": [
            "aws_lb.ALB-tf",
            "aws_lb_target_group.sensor-target-tf",
            "aws_security_group.alb-sg-tf",
            "aws_subnet.subred-front-1b-tf",
            "aws_subnet.subred-servicios-1a-tf",
            "aws_vpc.vpc-tf"
          ]
        }
      ]
    },
    {
      "mode": "managed",
      "type": "aws_lb_listener",
      "name": "statistics-listener-tf",
      "provider": "provider[\"registry.terraform.io/hashicorp/aws\"]",
      "instances": [
        {
          "schema_version": 0,
          "attributes": {
            "alpn_policy": null,
            "arn": "arn:aws:elasticloadbalancing:us-east-1:690031176274:listener/app/ALB-tf/626d7ae4914db17e/af1c0aaa1774a7ea",
            "certificate_arn": null,
            "default_action": [
              {
                "authenticate_cognito": [],
                "authenticate_oidc": [],
                "fixed_response": [],
                "forward": [],
                "order": 1,
                "redirect": [],
                "target_group_arn": "arn:aws:elasticloadbalancing:us-east-1:690031176274:targetgroup/statistics-target-tf/5cf5aeeee0406737",
                "type": "forward"
              }
            ],
            "id": "arn:aws:elasticloadbalancing:us-east-1:690031176274:listener/app/ALB-tf/626d7ae4914db17e/af1c0aaa1774a7ea",
            "load_balancer_arn": "arn:aws:elasticloadbalancing:us-east-1:690031176274:loadbalancer/app/ALB-tf/626d7ae4914db17e",
            "port": 8082,
            "protocol": "HTTP",
            "ssl_policy": "",
            "tags": null,
            "tags_all": {},
            "timeouts": null
          },
          "sensitive_attributes": [],
          "private": "eyJlMmJmYjczMC1lY2FhLTExZTYtOGY4OC0zNDM2M2JjN2M0YzAiOnsicmVhZCI6NjAwMDAwMDAwMDAwfX0=",
          "dependencies": [
            "aws_lb.ALB-tf",
            "aws_lb_target_group.statistics-target-tf",
            "aws_security_group.alb-sg-tf",
            "aws_subnet.subred-front-1b-tf",
            "aws_subnet.subred-servicios-1a-tf",
            "aws_vpc.vpc-tf"
          ]
        }
      ]
    },
    {
      "mode": "managed",
      "type": "aws_lb_target_group",
      "name": "authentication-target-tf",
      "provider": "provider[\"registry.terraform.io/hashicorp/aws\"]",
      "instances": [
        {
          "schema_version": 0,
          "attributes": {
            "arn": "arn:aws:elasticloadbalancing:us-east-1:690031176274:targetgroup/authentication-target-tf/88f5c9597fb56107",
            "arn_suffix": "targetgroup/authentication-target-tf/88f5c9597fb56107",
            "connection_termination": false,
            "deregistration_delay": "300",
            "health_check": [
              {
                "enabled": true,
                "healthy_threshold": 2,
                "interval": 30,
                "matcher": "200",
                "path": "/actuator/health",
                "port": "8999",
                "protocol": "HTTP",
                "timeout": 5,
                "unhealthy_threshold": 2
              }
            ],
            "id": "arn:aws:elasticloadbalancing:us-east-1:690031176274:targetgroup/authentication-target-tf/88f5c9597fb56107",
            "ip_address_type": "ipv4",
            "lambda_multi_value_headers_enabled": false,
            "load_balancing_algorithm_type": "round_robin",
            "name": "authentication-target-tf",
            "name_prefix": null,
            "port": 8999,
            "preserve_client_ip": null,
            "protocol": "HTTP",
            "protocol_version": "HTTP1",
            "proxy_protocol_v2": false,
            "slow_start": 0,
            "stickiness": [
              {
                "cookie_duration": 86400,
                "cookie_name": "",
                "enabled": false,
                "type": "lb_cookie"
              }
            ],
            "tags": null,
            "tags_all": {},
            "target_failover": [
              {
                "on_deregistration": null,
                "on_unhealthy": null
              }
            ],
            "target_type": "instance",
            "vpc_id": "vpc-0ff8672d0ccc3cc11"
          },
          "sensitive_attributes": [],
          "private": "bnVsbA==",
          "dependencies": [
            "aws_vpc.vpc-tf"
          ]
        }
      ]
    },
    {
      "mode": "managed",
      "type": "aws_lb_target_group",
      "name": "front-target-tf",
      "provider": "provider[\"registry.terraform.io/hashicorp/aws\"]",
      "instances": [
        {
          "schema_version": 0,
          "attributes": {
            "arn": "arn:aws:elasticloadbalancing:us-east-1:690031176274:targetgroup/front-target-tf/50759a4e9bd84922",
            "arn_suffix": "targetgroup/front-target-tf/50759a4e9bd84922",
            "connection_termination": false,
            "deregistration_delay": "300",
            "health_check": [
              {
                "enabled": true,
                "healthy_threshold": 2,
                "interval": 30,
                "matcher": "200",
                "path": "/",
                "port": "4200",
                "protocol": "HTTP",
                "timeout": 5,
                "unhealthy_threshold": 2
              }
            ],
            "id": "arn:aws:elasticloadbalancing:us-east-1:690031176274:targetgroup/front-target-tf/50759a4e9bd84922",
            "ip_address_type": "ipv4",
            "lambda_multi_value_headers_enabled": false,
            "load_balancing_algorithm_type": "round_robin",
            "name": "front-target-tf",
            "name_prefix": null,
            "port": 4200,
            "preserve_client_ip": null,
            "protocol": "HTTP",
            "protocol_version": "HTTP1",
            "proxy_protocol_v2": false,
            "slow_start": 0,
            "stickiness": [
              {
                "cookie_duration": 86400,
                "cookie_name": "",
                "enabled": false,
                "type": "lb_cookie"
              }
            ],
            "tags": null,
            "tags_all": {},
            "target_failover": [
              {
                "on_deregistration": null,
                "on_unhealthy": null
              }
            ],
            "target_type": "instance",
            "vpc_id": "vpc-0ff8672d0ccc3cc11"
          },
          "sensitive_attributes": [],
          "private": "bnVsbA==",
          "dependencies": [
            "aws_vpc.vpc-tf"
          ]
        }
      ]
    },
    {
      "mode": "managed",
      "type": "aws_lb_target_group",
      "name": "plots-target-tf",
      "provider": "provider[\"registry.terraform.io/hashicorp/aws\"]",
      "instances": [
        {
          "schema_version": 0,
          "attributes": {
            "arn": "arn:aws:elasticloadbalancing:us-east-1:690031176274:targetgroup/plots-target-tf/dbf2a4f022f66b79",
            "arn_suffix": "targetgroup/plots-target-tf/dbf2a4f022f66b79",
            "connection_termination": false,
            "deregistration_delay": "300",
            "health_check": [
              {
                "enabled": true,
                "healthy_threshold": 2,
                "interval": 30,
                "matcher": "200",
                "path": "/actuator/health",
                "port": "8080",
                "protocol": "HTTP",
                "timeout": 5,
                "unhealthy_threshold": 2
              }
            ],
            "id": "arn:aws:elasticloadbalancing:us-east-1:690031176274:targetgroup/plots-target-tf/dbf2a4f022f66b79",
            "ip_address_type": "ipv4",
            "lambda_multi_value_headers_enabled": false,
            "load_balancing_algorithm_type": "round_robin",
            "name": "plots-target-tf",
            "name_prefix": null,
            "port": 8080,
            "preserve_client_ip": null,
            "protocol": "HTTP",
            "protocol_version": "HTTP1",
            "proxy_protocol_v2": false,
            "slow_start": 0,
            "stickiness": [
              {
                "cookie_duration": 86400,
                "cookie_name": "",
                "enabled": false,
                "type": "lb_cookie"
              }
            ],
            "tags": null,
            "tags_all": {},
            "target_failover": [
              {
                "on_deregistration": null,
                "on_unhealthy": null
              }
            ],
            "target_type": "instance",
            "vpc_id": "vpc-0ff8672d0ccc3cc11"
          },
          "sensitive_attributes": [],
          "private": "bnVsbA==",
          "dependencies": [
            "aws_vpc.vpc-tf"
          ]
        }
      ]
    },
    {
      "mode": "managed",
      "type": "aws_lb_target_group",
      "name": "sensor-target-tf",
      "provider": "provider[\"registry.terraform.io/hashicorp/aws\"]",
      "instances": [
        {
          "schema_version": 0,
          "attributes": {
            "arn": "arn:aws:elasticloadbalancing:us-east-1:690031176274:targetgroup/sensor-target-tf/7ed046ae4e1b7059",
            "arn_suffix": "targetgroup/sensor-target-tf/7ed046ae4e1b7059",
            "connection_termination": false,
            "deregistration_delay": "300",
            "health_check": [
              {
                "enabled": true,
                "healthy_threshold": 2,
                "interval": 30,
                "matcher": "200",
                "path": "/actuator/health",
                "port": "8081",
                "protocol": "HTTP",
                "timeout": 5,
                "unhealthy_threshold": 2
              }
            ],
            "id": "arn:aws:elasticloadbalancing:us-east-1:690031176274:targetgroup/sensor-target-tf/7ed046ae4e1b7059",
            "ip_address_type": "ipv4",
            "lambda_multi_value_headers_enabled": false,
            "load_balancing_algorithm_type": "round_robin",
            "name": "sensor-target-tf",
            "name_prefix": null,
            "port": 8081,
            "preserve_client_ip": null,
            "protocol": "HTTP",
            "protocol_version": "HTTP1",
            "proxy_protocol_v2": false,
            "slow_start": 0,
            "stickiness": [
              {
                "cookie_duration": 86400,
                "cookie_name": "",
                "enabled": false,
                "type": "lb_cookie"
              }
            ],
            "tags": null,
            "tags_all": {},
            "target_failover": [
              {
                "on_deregistration": null,
                "on_unhealthy": null
              }
            ],
            "target_type": "instance",
            "vpc_id": "vpc-0ff8672d0ccc3cc11"
          },
          "sensitive_attributes": [],
          "private": "bnVsbA==",
          "dependencies": [
            "aws_vpc.vpc-tf"
          ]
        }
      ]
    },
    {
      "mode": "managed",
      "type": "aws_lb_target_group",
      "name": "statistics-target-tf",
      "provider": "provider[\"registry.terraform.io/hashicorp/aws\"]",
      "instances": [
        {
          "schema_version": 0,
          "attributes": {
            "arn": "arn:aws:elasticloadbalancing:us-east-1:690031176274:targetgroup/statistics-target-tf/5cf5aeeee0406737",
            "arn_suffix": "targetgroup/statistics-target-tf/5cf5aeeee0406737",
            "connection_termination": false,
            "deregistration_delay": "300",
            "health_check": [
              {
                "enabled": true,
                "healthy_threshold": 2,
                "interval": 30,
                "matcher": "200",
                "path": "/actuator/health",
                "port": "8082",
                "protocol": "HTTP",
                "timeout": 5,
                "unhealthy_threshold": 2
              }
            ],
            "id": "arn:aws:elasticloadbalancing:us-east-1:690031176274:targetgroup/statistics-target-tf/5cf5aeeee0406737",
            "ip_address_type": "ipv4",
            "lambda_multi_value_headers_enabled": false,
            "load_balancing_algorithm_type": "round_robin",
            "name": "statistics-target-tf",
            "name_prefix": null,
            "port": 8082,
            "preserve_client_ip": null,
            "protocol": "HTTP",
            "protocol_version": "HTTP1",
            "proxy_protocol_v2": false,
            "slow_start": 0,
            "stickiness": [
              {
                "cookie_duration": 86400,
                "cookie_name": "",
                "enabled": false,
                "type": "lb_cookie"
              }
            ],
            "tags": null,
            "tags_all": {},
            "target_failover": [
              {
                "on_deregistration": null,
                "on_unhealthy": null
              }
            ],
            "target_type": "instance",
            "vpc_id": "vpc-0ff8672d0ccc3cc11"
          },
          "sensitive_attributes": [],
          "private": "bnVsbA==",
          "dependencies": [
            "aws_vpc.vpc-tf"
          ]
        }
      ]
    },
    {
      "mode": "managed",
      "type": "aws_lb_target_group_attachment",
      "name": "asignacion-destinos-front",
      "provider": "provider[\"registry.terraform.io/hashicorp/aws\"]",
      "instances": [
        {
          "schema_version": 0,
          "attributes": {
            "availability_zone": null,
            "id": "arn:aws:elasticloadbalancing:us-east-1:690031176274:targetgroup/front-target-tf/50759a4e9bd84922-20230612160117739500000013",
            "port": 4200,
            "target_group_arn": "arn:aws:elasticloadbalancing:us-east-1:690031176274:targetgroup/front-target-tf/50759a4e9bd84922",
            "target_id": "i-0d172183ef6c75d4b"
          },
          "sensitive_attributes": [],
          "private": "bnVsbA==",
          "dependencies": [
            "aws_db_instance.rds-authentication-mysql-tf",
            "aws_db_instance.rds-sensor-postgres-tf",
            "aws_db_subnet_group.databases-grupo-subnet-tf",
            "aws_efs_file_system.efs-tf",
            "aws_efs_mount_target.efs-mt",
            "aws_iam_instance_profile.perfil-AmazonS3FullAccess-tf",
            "aws_iam_role.AmazonS3FullAccess-tf",
            "aws_instance.ec2-bastion-tf",
            "aws_instance.ec2-front-tf",
            "aws_instance.ec2-plots-mongo-tf",
            "aws_instance.ec2-statistics-cassandra-tf",
            "aws_lb.ALB-tf",
            "aws_lb_target_group.front-target-tf",
            "aws_s3_bucket.db-services-bucket-tf",
            "aws_s3_object.env_vars_fichero",
            "aws_security_group.alb-sg-tf",
            "aws_security_group.bastion-sg-tf",
            "aws_security_group.databases-sg-tf",
            "aws_security_group.efs-sg-tf",
            "aws_security_group.front-sg-tf",
            "aws_subnet.subred-databases-1a-tf",
            "aws_subnet.subred-databases-1b-tf",
            "aws_subnet.subred-front-1b-tf",
            "aws_subnet.subred-servicios-1a-tf",
            "aws_vpc.vpc-tf"
          ]
        }
      ]
    },
    {
      "mode": "managed",
      "type": "aws_nat_gateway",
      "name": "nat-gateway-tf",
      "provider": "provider[\"registry.terraform.io/hashicorp/aws\"]",
      "instances": [
        {
          "schema_version": 0,
          "attributes": {
            "allocation_id": "eipalloc-0dd34660a5797a689",
            "connectivity_type": "public",
            "id": "nat-033f1a92078b519a4",
            "network_interface_id": "eni-09a2f915aa1dc82b8",
            "private_ip": "10.1.20.46",
            "public_ip": "52.203.123.24",
            "subnet_id": "subnet-0e15c3d7d0e1fc11b",
            "tags": {
              "Name": "nat-gateway-tf"
            },
            "tags_all": {
              "Name": "nat-gateway-tf"
            }
          },
          "sensitive_attributes": [],
          "private": "bnVsbA==",
          "dependencies": [
            "aws_eip.ip-eslastica-nat-tf",
            "aws_subnet.subred-front-1b-tf",
            "aws_vpc.vpc-tf"
          ]
        }
      ]
    },
    {
      "mode": "managed",
      "type": "aws_route_table",
      "name": "tabla-rutas-databases-tf",
      "provider": "provider[\"registry.terraform.io/hashicorp/aws\"]",
      "instances": [
        {
          "schema_version": 0,
          "attributes": {
            "arn": "arn:aws:ec2:us-east-1:690031176274:route-table/rtb-06dc8c0c5d4876686",
            "id": "rtb-06dc8c0c5d4876686",
            "owner_id": "690031176274",
            "propagating_vgws": [],
            "route": [
              {
                "carrier_gateway_id": "",
                "cidr_block": "0.0.0.0/0",
                "core_network_arn": "",
                "destination_prefix_list_id": "",
                "egress_only_gateway_id": "",
                "gateway_id": "",
                "instance_id": "",
                "ipv6_cidr_block": "",
                "local_gateway_id": "",
                "nat_gateway_id": "nat-033f1a92078b519a4",
                "network_interface_id": "",
                "transit_gateway_id": "",
                "vpc_endpoint_id": "",
                "vpc_peering_connection_id": ""
              }
            ],
            "tags": {
              "Name": "tabla-rutas-databases-tf"
            },
            "tags_all": {
              "Name": "tabla-rutas-databases-tf"
            },
            "timeouts": null,
            "vpc_id": "vpc-0ff8672d0ccc3cc11"
          },
          "sensitive_attributes": [],
          "private": "eyJlMmJmYjczMC1lY2FhLTExZTYtOGY4OC0zNDM2M2JjN2M0YzAiOnsiY3JlYXRlIjozMDAwMDAwMDAwMDAsImRlbGV0ZSI6MzAwMDAwMDAwMDAwLCJ1cGRhdGUiOjEyMDAwMDAwMDAwMH19",
          "dependencies": [
            "aws_eip.ip-eslastica-nat-tf",
            "aws_nat_gateway.nat-gateway-tf",
            "aws_subnet.subred-front-1b-tf",
            "aws_vpc.vpc-tf"
          ]
        }
      ]
    },
    {
      "mode": "managed",
      "type": "aws_route_table",
      "name": "tabla-rutas-internet-tf",
      "provider": "provider[\"registry.terraform.io/hashicorp/aws\"]",
      "instances": [
        {
          "schema_version": 0,
          "attributes": {
            "arn": "arn:aws:ec2:us-east-1:690031176274:route-table/rtb-0113c3f196189f024",
            "id": "rtb-0113c3f196189f024",
            "owner_id": "690031176274",
            "propagating_vgws": [],
            "route": [
              {
                "carrier_gateway_id": "",
                "cidr_block": "0.0.0.0/0",
                "core_network_arn": "",
                "destination_prefix_list_id": "",
                "egress_only_gateway_id": "",
                "gateway_id": "igw-03b5d6222b3b5029c",
                "instance_id": "",
                "ipv6_cidr_block": "",
                "local_gateway_id": "",
                "nat_gateway_id": "",
                "network_interface_id": "",
                "transit_gateway_id": "",
                "vpc_endpoint_id": "",
                "vpc_peering_connection_id": ""
              }
            ],
            "tags": {
              "Name": "tabla-rutas-internet-tf"
            },
            "tags_all": {
              "Name": "tabla-rutas-internet-tf"
            },
            "timeouts": null,
            "vpc_id": "vpc-0ff8672d0ccc3cc11"
          },
          "sensitive_attributes": [],
          "private": "eyJlMmJmYjczMC1lY2FhLTExZTYtOGY4OC0zNDM2M2JjN2M0YzAiOnsiY3JlYXRlIjozMDAwMDAwMDAwMDAsImRlbGV0ZSI6MzAwMDAwMDAwMDAwLCJ1cGRhdGUiOjEyMDAwMDAwMDAwMH19",
          "dependencies": [
            "aws_internet_gateway.igw-tf",
            "aws_vpc.vpc-tf"
          ]
        }
      ]
    },
    {
      "mode": "managed",
      "type": "aws_route_table_association",
      "name": "tabla-databases-subred-databases-1a",
      "provider": "provider[\"registry.terraform.io/hashicorp/aws\"]",
      "instances": [
        {
          "schema_version": 0,
          "attributes": {
            "gateway_id": "",
            "id": "rtbassoc-02377f1aab0728e7a",
            "route_table_id": "rtb-06dc8c0c5d4876686",
            "subnet_id": "subnet-0621d0458d4b48d0f"
          },
          "sensitive_attributes": [],
          "private": "bnVsbA==",
          "dependencies": [
            "aws_eip.ip-eslastica-nat-tf",
            "aws_nat_gateway.nat-gateway-tf",
            "aws_route_table.tabla-rutas-databases-tf",
            "aws_subnet.subred-databases-1a-tf",
            "aws_subnet.subred-front-1b-tf",
            "aws_vpc.vpc-tf"
          ]
        }
      ]
    },
    {
      "mode": "managed",
      "type": "aws_route_table_association",
      "name": "tabla-databases-subred-databases-1b",
      "provider": "provider[\"registry.terraform.io/hashicorp/aws\"]",
      "instances": [
        {
          "schema_version": 0,
          "attributes": {
            "gateway_id": "",
            "id": "rtbassoc-096a1cbf147bbf7f8",
            "route_table_id": "rtb-06dc8c0c5d4876686",
            "subnet_id": "subnet-030c492f2d77888ef"
          },
          "sensitive_attributes": [],
          "private": "bnVsbA==",
          "dependencies": [
            "aws_eip.ip-eslastica-nat-tf",
            "aws_nat_gateway.nat-gateway-tf",
            "aws_route_table.tabla-rutas-databases-tf",
            "aws_subnet.subred-databases-1b-tf",
            "aws_subnet.subred-front-1b-tf",
            "aws_vpc.vpc-tf"
          ]
        }
      ]
    },
    {
      "mode": "managed",
      "type": "aws_route_table_association",
      "name": "tabla-internet-subred-front",
      "provider": "provider[\"registry.terraform.io/hashicorp/aws\"]",
      "instances": [
        {
          "schema_version": 0,
          "attributes": {
            "gateway_id": "",
            "id": "rtbassoc-0b05eb6fe48ee684d",
            "route_table_id": "rtb-0113c3f196189f024",
            "subnet_id": "subnet-0e15c3d7d0e1fc11b"
          },
          "sensitive_attributes": [],
          "private": "bnVsbA==",
          "dependencies": [
            "aws_internet_gateway.igw-tf",
            "aws_route_table.tabla-rutas-internet-tf",
            "aws_subnet.subred-front-1b-tf",
            "aws_vpc.vpc-tf"
          ]
        }
      ]
    },
    {
      "mode": "managed",
      "type": "aws_route_table_association",
      "name": "tabla-internet-subred-servicios",
      "provider": "provider[\"registry.terraform.io/hashicorp/aws\"]",
      "instances": [
        {
          "schema_version": 0,
          "attributes": {
            "gateway_id": "",
            "id": "rtbassoc-015a734893313ef93",
            "route_table_id": "rtb-0113c3f196189f024",
            "subnet_id": "subnet-02f91e2468446f16a"
          },
          "sensitive_attributes": [],
          "private": "bnVsbA==",
          "dependencies": [
            "aws_internet_gateway.igw-tf",
            "aws_route_table.tabla-rutas-internet-tf",
            "aws_subnet.subred-servicios-1a-tf",
            "aws_vpc.vpc-tf"
          ]
        }
      ]
    },
    {
      "mode": "managed",
      "type": "aws_s3_bucket",
      "name": "db-services-bucket-tf",
      "provider": "provider[\"registry.terraform.io/hashicorp/aws\"]",
      "instances": [
        {
          "schema_version": 0,
          "attributes": {
            "acceleration_status": "",
            "acl": null,
            "arn": "arn:aws:s3:::db-services-bucket-tf",
            "bucket": "db-services-bucket-tf",
            "bucket_domain_name": "db-services-bucket-tf.s3.amazonaws.com",
            "bucket_prefix": null,
            "bucket_regional_domain_name": "db-services-bucket-tf.s3.amazonaws.com",
            "cors_rule": [],
            "force_destroy": false,
            "grant": [
              {
                "id": "211582d48a2eef6d8a0e038082359ca824937b422669794685a39b40ce4302d2",
                "permissions": [
                  "FULL_CONTROL"
                ],
                "type": "CanonicalUser",
                "uri": ""
              }
            ],
            "hosted_zone_id": "Z3AQBSTGFYJSTF",
            "id": "db-services-bucket-tf",
            "lifecycle_rule": [],
            "logging": [],
            "object_lock_configuration": [],
            "object_lock_enabled": false,
            "policy": "",
            "region": "us-east-1",
            "replication_configuration": [],
            "request_payer": "BucketOwner",
            "server_side_encryption_configuration": [
              {
                "rule": [
                  {
                    "apply_server_side_encryption_by_default": [
                      {
                        "kms_master_key_id": "",
                        "sse_algorithm": "AES256"
                      }
                    ],
                    "bucket_key_enabled": false
                  }
                ]
              }
            ],
            "tags": {
              "Name": "db-services-bucket-tf"
            },
            "tags_all": {
              "Name": "db-services-bucket-tf"
            },
            "timeouts": null,
            "versioning": [
              {
                "enabled": false,
                "mfa_delete": false
              }
            ],
            "website": [],
            "website_domain": null,
            "website_endpoint": null
          },
          "sensitive_attributes": [],
          "private": "eyJlMmJmYjczMC1lY2FhLTExZTYtOGY4OC0zNDM2M2JjN2M0YzAiOnsiY3JlYXRlIjoxMjAwMDAwMDAwMDAwLCJkZWxldGUiOjM2MDAwMDAwMDAwMDAsInJlYWQiOjEyMDAwMDAwMDAwMDAsInVwZGF0ZSI6MTIwMDAwMDAwMDAwMH19"
        }
      ]
    },
    {
      "mode": "managed",
      "type": "aws_s3_object",
      "name": "bash_carpeta",
      "provider": "provider[\"registry.terraform.io/hashicorp/aws\"]",
      "instances": [
        {
          "schema_version": 0,
          "attributes": {
            "acl": "private",
            "bucket": "db-services-bucket-tf",
            "bucket_key_enabled": false,
            "cache_control": "",
            "content": null,
            "content_base64": null,
            "content_disposition": "",
            "content_encoding": "",
            "content_language": "",
            "content_type": "application/x-directory",
            "etag": "d41d8cd98f00b204e9800998ecf8427e",
            "force_destroy": false,
            "id": "cassandra/bash/",
            "key": "cassandra/bash/",
            "kms_key_id": null,
            "metadata": null,
            "object_lock_legal_hold_status": "",
            "object_lock_mode": "",
            "object_lock_retain_until_date": "",
            "server_side_encryption": "AES256",
            "source": null,
            "source_hash": null,
            "storage_class": "STANDARD",
            "tags": null,
            "tags_all": {},
            "version_id": "",
            "website_redirect": ""
          },
          "sensitive_attributes": [],
          "private": "bnVsbA==",
          "dependencies": [
            "aws_s3_bucket.db-services-bucket-tf"
          ]
        }
      ]
    },
    {
      "mode": "managed",
      "type": "aws_s3_object",
      "name": "cassandra_carpeta",
      "provider": "provider[\"registry.terraform.io/hashicorp/aws\"]",
      "instances": [
        {
          "schema_version": 0,
          "attributes": {
            "acl": "private",
            "bucket": "db-services-bucket-tf",
            "bucket_key_enabled": false,
            "cache_control": "",
            "content": null,
            "content_base64": null,
            "content_disposition": "",
            "content_encoding": "",
            "content_language": "",
            "content_type": "application/x-directory",
            "etag": "d41d8cd98f00b204e9800998ecf8427e",
            "force_destroy": false,
            "id": "cassandra/",
            "key": "cassandra/",
            "kms_key_id": null,
            "metadata": null,
            "object_lock_legal_hold_status": "",
            "object_lock_mode": "",
            "object_lock_retain_until_date": "",
            "server_side_encryption": "AES256",
            "source": null,
            "source_hash": null,
            "storage_class": "STANDARD",
            "tags": null,
            "tags_all": {},
            "version_id": "",
            "website_redirect": ""
          },
          "sensitive_attributes": [],
          "private": "bnVsbA==",
          "dependencies": [
            "aws_s3_bucket.db-services-bucket-tf"
          ]
        }
      ]
    },
    {
      "mode": "managed",
      "type": "aws_s3_object",
      "name": "cassandra_init_fichero",
      "provider": "provider[\"registry.terraform.io/hashicorp/aws\"]",
      "instances": [
        {
          "schema_version": 0,
          "attributes": {
            "acl": "private",
            "bucket": "db-services-bucket-tf",
            "bucket_key_enabled": false,
            "cache_control": "",
            "content": null,
            "content_base64": null,
            "content_disposition": "",
            "content_encoding": "",
            "content_language": "",
            "content_type": "binary/octet-stream",
            "etag": "efaa1b661be8e2aedc1212c3a56919d4",
            "force_destroy": false,
            "id": "cassandra/bash/cassandra_init.sh",
            "key": "cassandra/bash/cassandra_init.sh",
            "kms_key_id": null,
            "metadata": null,
            "object_lock_legal_hold_status": "",
            "object_lock_mode": "",
            "object_lock_retain_until_date": "",
            "server_side_encryption": "AES256",
            "source": "s3_archivos/cassandra/bash/cassandra_init.sh",
            "source_hash": null,
            "storage_class": "STANDARD",
            "tags": null,
            "tags_all": {},
            "version_id": "",
            "website_redirect": ""
          },
          "sensitive_attributes": [],
          "private": "bnVsbA==",
          "dependencies": [
            "aws_s3_bucket.db-services-bucket-tf"
          ]
        }
      ]
    },
    {
      "mode": "managed",
      "type": "aws_s3_object",
      "name": "cql_carpeta",
      "provider": "provider[\"registry.terraform.io/hashicorp/aws\"]",
      "instances": [
        {
          "schema_version": 0,
          "attributes": {
            "acl": "private",
            "bucket": "db-services-bucket-tf",
            "bucket_key_enabled": false,
            "cache_control": "",
            "content": null,
            "content_base64": null,
            "content_disposition": "",
            "content_encoding": "",
            "content_language": "",
            "content_type": "application/x-directory",
            "etag": "d41d8cd98f00b204e9800998ecf8427e",
            "force_destroy": false,
            "id": "cassandra/cql/",
            "key": "cassandra/cql/",
            "kms_key_id": null,
            "metadata": null,
            "object_lock_legal_hold_status": "",
            "object_lock_mode": "",
            "object_lock_retain_until_date": "",
            "server_side_encryption": "AES256",
            "source": null,
            "source_hash": null,
            "storage_class": "STANDARD",
            "tags": null,
            "tags_all": {},
            "version_id": "",
            "website_redirect": ""
          },
          "sensitive_attributes": [],
          "private": "bnVsbA==",
          "dependencies": [
            "aws_s3_bucket.db-services-bucket-tf"
          ]
        }
      ]
    },
    {
      "mode": "managed",
      "type": "aws_s3_object",
      "name": "docker-compose-cassandra_fichero",
      "provider": "provider[\"registry.terraform.io/hashicorp/aws\"]",
      "instances": [
        {
          "schema_version": 0,
          "attributes": {
            "acl": "private",
            "bucket": "db-services-bucket-tf",
            "bucket_key_enabled": false,
            "cache_control": "",
            "content": "version: '3.3'\n\nservices:\n\n  cassandra_db:\n    image: cassandra:4.1.0\n    container_name: cassandra_db\n    volumes:\n      - cassandra_volume:/var/lib/cassandra\n    ports:\n      - \"9042:9042\"\n\n  cassandra_aux:\n    image: cassandra:4.1.0\n    container_name: cassandra_aux\n    volumes:\n      - ./cql:/cql\n      - ./bash:/docker-entrypoint.sh\n    command: \u003e\n      bash ./docker-entrypoint.sh/cassandra_init.sh\n\nvolumes:\n  cassandra_volume:\n    driver_opts:\n      type: \"nfs\"\n      o: \"addr=10.1.30.14,nfsvers=4.1,rsize=1048576,wsize=1048576,hard,timeo=600,retrans=2,noresvport\"\n      device: \":/cassandra-efs\"\n\n",
            "content_base64": null,
            "content_disposition": "",
            "content_encoding": "",
            "content_language": "",
            "content_type": "binary/octet-stream",
            "etag": "39a0afa37fe1698a137e7cc0d27037c6",
            "force_destroy": false,
            "id": "cassandra/docker-compose-cassandra.yml",
            "key": "cassandra/docker-compose-cassandra.yml",
            "kms_key_id": null,
            "metadata": null,
            "object_lock_legal_hold_status": "",
            "object_lock_mode": "",
            "object_lock_retain_until_date": "",
            "server_side_encryption": "AES256",
            "source": null,
            "source_hash": null,
            "storage_class": "STANDARD",
            "tags": null,
            "tags_all": {},
            "version_id": "",
            "website_redirect": ""
          },
          "sensitive_attributes": [],
          "private": "bnVsbA==",
          "dependencies": [
            "aws_efs_file_system.efs-tf",
            "aws_efs_mount_target.efs-mt",
            "aws_s3_bucket.db-services-bucket-tf",
            "aws_security_group.efs-sg-tf",
            "aws_subnet.subred-databases-1a-tf",
            "aws_vpc.vpc-tf"
          ]
        }
      ]
    },
    {
      "mode": "managed",
      "type": "aws_s3_object",
      "name": "env_vars_fichero",
      "provider": "provider[\"registry.terraform.io/hashicorp/aws\"]",
      "instances": [
        {
          "schema_version": 0,
          "attributes": {
            "acl": "private",
            "bucket": "db-services-bucket-tf",
            "bucket_key_enabled": false,
            "cache_control": "",
            "content": "# Endpoint Front-End\nFRONT_ENDPOINT=ALB-tf-1281770203.us-east-1.elb.amazonaws.com\n# Servicio cliente dentro de Plots\nSENSOR_CLIENT=ALB-tf-1281770203.us-east-1.elb.amazonaws.com\n# Endpoints Bases de Datos\nPOSTGRES_HOST=sensor-postgres-tf.cvt9cc7dxazz.us-east-1.rds.amazonaws.com\nMYSQL_HOST=rds-authentication-mysql-tf.cvt9cc7dxazz.us-east-1.rds.amazonaws.com\nMONGODB_HOST=10.1.30.253\nCASSANDRA_HOST=10.1.30.59",
            "content_base64": null,
            "content_disposition": "",
            "content_encoding": "",
            "content_language": "",
            "content_type": "binary/octet-stream",
            "etag": "d9146e0624becc8c52e4f6ae51da25d0",
            "force_destroy": false,
            "id": "env_vars.env",
            "key": "env_vars.env",
            "kms_key_id": null,
            "metadata": null,
            "object_lock_legal_hold_status": "",
            "object_lock_mode": "",
            "object_lock_retain_until_date": "",
            "server_side_encryption": "AES256",
            "source": null,
            "source_hash": null,
            "storage_class": "STANDARD",
            "tags": null,
            "tags_all": {},
            "version_id": "",
            "website_redirect": ""
          },
          "sensitive_attributes": [],
          "private": "bnVsbA==",
          "dependencies": [
            "aws_db_instance.rds-authentication-mysql-tf",
            "aws_db_instance.rds-sensor-postgres-tf",
            "aws_db_subnet_group.databases-grupo-subnet-tf",
            "aws_efs_file_system.efs-tf",
            "aws_efs_mount_target.efs-mt",
            "aws_iam_instance_profile.perfil-AmazonS3FullAccess-tf",
            "aws_iam_role.AmazonS3FullAccess-tf",
            "aws_instance.ec2-bastion-tf",
            "aws_instance.ec2-plots-mongo-tf",
            "aws_instance.ec2-statistics-cassandra-tf",
            "aws_lb.ALB-tf",
            "aws_s3_bucket.db-services-bucket-tf",
            "aws_security_group.alb-sg-tf",
            "aws_security_group.bastion-sg-tf",
            "aws_security_group.databases-sg-tf",
            "aws_security_group.efs-sg-tf",
            "aws_subnet.subred-databases-1a-tf",
            "aws_subnet.subred-databases-1b-tf",
            "aws_subnet.subred-front-1b-tf",
            "aws_subnet.subred-servicios-1a-tf",
            "aws_vpc.vpc-tf"
          ]
        }
      ]
    },
    {
      "mode": "managed",
      "type": "aws_s3_object",
      "name": "init-mongodb_fichero",
      "provider": "provider[\"registry.terraform.io/hashicorp/aws\"]",
      "instances": [
        {
          "schema_version": 0,
          "attributes": {
            "acl": "private",
            "bucket": "db-services-bucket-tf",
            "bucket_key_enabled": false,
            "cache_control": "",
            "content": null,
            "content_base64": null,
            "content_disposition": "",
            "content_encoding": "",
            "content_language": "",
            "content_type": "binary/octet-stream",
            "etag": "9d9b63835e6d3367c3adb1326422b0c2",
            "force_destroy": false,
            "id": "init-mongodb.js",
            "key": "init-mongodb.js",
            "kms_key_id": null,
            "metadata": null,
            "object_lock_legal_hold_status": "",
            "object_lock_mode": "",
            "object_lock_retain_until_date": "",
            "server_side_encryption": "AES256",
            "source": "s3_archivos/init-mongodb.js",
            "source_hash": null,
            "storage_class": "STANDARD",
            "tags": null,
            "tags_all": {},
            "version_id": "",
            "website_redirect": ""
          },
          "sensitive_attributes": [],
          "private": "bnVsbA==",
          "dependencies": [
            "aws_s3_bucket.db-services-bucket-tf"
          ]
        }
      ]
    },
    {
      "mode": "managed",
      "type": "aws_s3_object",
      "name": "init_keyspace_fichero",
      "provider": "provider[\"registry.terraform.io/hashicorp/aws\"]",
      "instances": [
        {
          "schema_version": 0,
          "attributes": {
            "acl": "private",
            "bucket": "db-services-bucket-tf",
            "bucket_key_enabled": false,
            "cache_control": "",
            "content": null,
            "content_base64": null,
            "content_disposition": "",
            "content_encoding": "",
            "content_language": "",
            "content_type": "binary/octet-stream",
            "etag": "347141ac73277fb24b6bc1f2935e5a00",
            "force_destroy": false,
            "id": "cassandra/cql/init_keyspace.cql",
            "key": "cassandra/cql/init_keyspace.cql",
            "kms_key_id": null,
            "metadata": null,
            "object_lock_legal_hold_status": "",
            "object_lock_mode": "",
            "object_lock_retain_until_date": "",
            "server_side_encryption": "AES256",
            "source": "s3_archivos/cassandra/cql/init_keyspace.cql",
            "source_hash": null,
            "storage_class": "STANDARD",
            "tags": null,
            "tags_all": {},
            "version_id": "",
            "website_redirect": ""
          },
          "sensitive_attributes": [],
          "private": "bnVsbA==",
          "dependencies": [
            "aws_s3_bucket.db-services-bucket-tf"
          ]
        }
      ]
    },
    {
      "mode": "managed",
      "type": "aws_security_group",
      "name": "alb-sg-tf",
      "provider": "provider[\"registry.terraform.io/hashicorp/aws\"]",
      "instances": [
        {
          "schema_version": 1,
          "attributes": {
            "arn": "arn:aws:ec2:us-east-1:690031176274:security-group/sg-0ab1f542d322038fc",
            "description": "SG para el trafico hacia el ALB",
            "egress": [
              {
                "cidr_blocks": [
                  "0.0.0.0/0"
                ],
                "description": "",
                "from_port": 0,
                "ipv6_cidr_blocks": [],
                "prefix_list_ids": [],
                "protocol": "-1",
                "security_groups": [],
                "self": false,
                "to_port": 0
              }
            ],
            "id": "sg-0ab1f542d322038fc",
            "ingress": [
              {
                "cidr_blocks": [
                  "0.0.0.0/0"
                ],
                "description": "HTTP",
                "from_port": 4200,
                "ipv6_cidr_blocks": [],
                "prefix_list_ids": [],
                "protocol": "tcp",
                "security_groups": [],
                "self": false,
                "to_port": 4200
              },
              {
                "cidr_blocks": [
                  "0.0.0.0/0"
                ],
                "description": "HTTP",
                "from_port": 8080,
                "ipv6_cidr_blocks": [],
                "prefix_list_ids": [],
                "protocol": "tcp",
                "security_groups": [],
                "self": false,
                "to_port": 8080
              },
              {
                "cidr_blocks": [
                  "0.0.0.0/0"
                ],
                "description": "HTTP",
                "from_port": 8081,
                "ipv6_cidr_blocks": [],
                "prefix_list_ids": [],
                "protocol": "tcp",
                "security_groups": [],
                "self": false,
                "to_port": 8081
              },
              {
                "cidr_blocks": [
                  "0.0.0.0/0"
                ],
                "description": "HTTP",
                "from_port": 8082,
                "ipv6_cidr_blocks": [],
                "prefix_list_ids": [],
                "protocol": "tcp",
                "security_groups": [],
                "self": false,
                "to_port": 8082
              },
              {
                "cidr_blocks": [
                  "0.0.0.0/0"
                ],
                "description": "HTTP",
                "from_port": 8999,
                "ipv6_cidr_blocks": [],
                "prefix_list_ids": [],
                "protocol": "tcp",
                "security_groups": [],
                "self": false,
                "to_port": 8999
              }
            ],
            "name": "alb-sg-tf",
            "name_prefix": "",
            "owner_id": "690031176274",
            "revoke_rules_on_delete": false,
            "tags": {
              "Name": "alb-sg-tf"
            },
            "tags_all": {
              "Name": "alb-sg-tf"
            },
            "timeouts": null,
            "vpc_id": "vpc-0ff8672d0ccc3cc11"
          },
          "sensitive_attributes": [],
          "private": "eyJlMmJmYjczMC1lY2FhLTExZTYtOGY4OC0zNDM2M2JjN2M0YzAiOnsiY3JlYXRlIjo2MDAwMDAwMDAwMDAsImRlbGV0ZSI6OTAwMDAwMDAwMDAwfSwic2NoZW1hX3ZlcnNpb24iOiIxIn0=",
          "dependencies": [
            "aws_vpc.vpc-tf"
          ]
        }
      ]
    },
    {
      "mode": "managed",
      "type": "aws_security_group",
      "name": "bastion-sg-tf",
      "provider": "provider[\"registry.terraform.io/hashicorp/aws\"]",
      "instances": [
        {
          "schema_version": 1,
          "attributes": {
            "arn": "arn:aws:ec2:us-east-1:690031176274:security-group/sg-0558130baae3ea2da",
            "description": "SG para el trafico hacia la EC2 Bastion",
            "egress": [
              {
                "cidr_blocks": [
                  "0.0.0.0/0"
                ],
                "description": "",
                "from_port": 0,
                "ipv6_cidr_blocks": [],
                "prefix_list_ids": [],
                "protocol": "-1",
                "security_groups": [],
                "self": false,
                "to_port": 0
              }
            ],
            "id": "sg-0558130baae3ea2da",
            "ingress": [
              {
                "cidr_blocks": [
                  "0.0.0.0/0"
                ],
                "description": "SSH",
                "from_port": 22,
                "ipv6_cidr_blocks": [],
                "prefix_list_ids": [],
                "protocol": "tcp",
                "security_groups": [],
                "self": false,
                "to_port": 22
              }
            ],
            "name": "bastion-sg-tf",
            "name_prefix": "",
            "owner_id": "690031176274",
            "revoke_rules_on_delete": false,
            "tags": {
              "Name": "bastion-sg-tf"
            },
            "tags_all": {
              "Name": "bastion-sg-tf"
            },
            "timeouts": null,
            "vpc_id": "vpc-0ff8672d0ccc3cc11"
          },
          "sensitive_attributes": [],
          "private": "eyJlMmJmYjczMC1lY2FhLTExZTYtOGY4OC0zNDM2M2JjN2M0YzAiOnsiY3JlYXRlIjo2MDAwMDAwMDAwMDAsImRlbGV0ZSI6OTAwMDAwMDAwMDAwfSwic2NoZW1hX3ZlcnNpb24iOiIxIn0=",
          "dependencies": [
            "aws_vpc.vpc-tf"
          ]
        }
      ]
    },
    {
      "mode": "managed",
      "type": "aws_security_group",
      "name": "databases-sg-tf",
      "provider": "provider[\"registry.terraform.io/hashicorp/aws\"]",
      "instances": [
        {
          "schema_version": 1,
          "attributes": {
            "arn": "arn:aws:ec2:us-east-1:690031176274:security-group/sg-0c477e771e92dcb2b",
            "description": "SG para el trafico hacia las bases de datos",
            "egress": [
              {
                "cidr_blocks": [
                  "0.0.0.0/0"
                ],
                "description": "",
                "from_port": 0,
                "ipv6_cidr_blocks": [],
                "prefix_list_ids": [],
                "protocol": "-1",
                "security_groups": [],
                "self": false,
                "to_port": 0
              }
            ],
            "id": "sg-0c477e771e92dcb2b",
            "ingress": [
              {
                "cidr_blocks": [
                  "0.0.0.0/0"
                ],
                "description": "Cassandra",
                "from_port": 9042,
                "ipv6_cidr_blocks": [],
                "prefix_list_ids": [],
                "protocol": "tcp",
                "security_groups": [],
                "self": false,
                "to_port": 9042
              },
              {
                "cidr_blocks": [
                  "0.0.0.0/0"
                ],
                "description": "MongoDB",
                "from_port": 27017,
                "ipv6_cidr_blocks": [],
                "prefix_list_ids": [],
                "protocol": "tcp",
                "security_groups": [],
                "self": false,
                "to_port": 27017
              },
              {
                "cidr_blocks": [
                  "0.0.0.0/0"
                ],
                "description": "MySQL",
                "from_port": 3306,
                "ipv6_cidr_blocks": [],
                "prefix_list_ids": [],
                "protocol": "tcp",
                "security_groups": [],
                "self": false,
                "to_port": 3306
              },
              {
                "cidr_blocks": [
                  "0.0.0.0/0"
                ],
                "description": "PostgreSQL",
                "from_port": 5432,
                "ipv6_cidr_blocks": [],
                "prefix_list_ids": [],
                "protocol": "tcp",
                "security_groups": [],
                "self": false,
                "to_port": 5432
              },
              {
                "cidr_blocks": [],
                "description": "SSH",
                "from_port": 22,
                "ipv6_cidr_blocks": [],
                "prefix_list_ids": [],
                "protocol": "tcp",
                "security_groups": [
                  "sg-0558130baae3ea2da"
                ],
                "self": false,
                "to_port": 22
              }
            ],
            "name": "databases-sg-tf",
            "name_prefix": "",
            "owner_id": "690031176274",
            "revoke_rules_on_delete": false,
            "tags": {
              "Name": "databases-sg-tf"
            },
            "tags_all": {
              "Name": "databases-sg-tf"
            },
            "timeouts": null,
            "vpc_id": "vpc-0ff8672d0ccc3cc11"
          },
          "sensitive_attributes": [],
          "private": "eyJlMmJmYjczMC1lY2FhLTExZTYtOGY4OC0zNDM2M2JjN2M0YzAiOnsiY3JlYXRlIjo2MDAwMDAwMDAwMDAsImRlbGV0ZSI6OTAwMDAwMDAwMDAwfSwic2NoZW1hX3ZlcnNpb24iOiIxIn0=",
          "dependencies": [
            "aws_security_group.bastion-sg-tf",
            "aws_vpc.vpc-tf"
          ]
        }
      ]
    },
    {
      "mode": "managed",
      "type": "aws_security_group",
      "name": "efs-sg-tf",
      "provider": "provider[\"registry.terraform.io/hashicorp/aws\"]",
      "instances": [
        {
          "schema_version": 1,
          "attributes": {
            "arn": "arn:aws:ec2:us-east-1:690031176274:security-group/sg-09e8f168584ee6c37",
            "description": "SG para el trafico hacia el EFS",
            "egress": [
              {
                "cidr_blocks": [
                  "0.0.0.0/0"
                ],
                "description": "",
                "from_port": 0,
                "ipv6_cidr_blocks": [],
                "prefix_list_ids": [],
                "protocol": "-1",
                "security_groups": [],
                "self": false,
                "to_port": 0
              }
            ],
            "id": "sg-09e8f168584ee6c37",
            "ingress": [
              {
                "cidr_blocks": [
                  "0.0.0.0/0"
                ],
                "description": "NFS",
                "from_port": 2049,
                "ipv6_cidr_blocks": [],
                "prefix_list_ids": [],
                "protocol": "tcp",
                "security_groups": [],
                "self": false,
                "to_port": 2049
              }
            ],
            "name": "efs-sg-tf",
            "name_prefix": "",
            "owner_id": "690031176274",
            "revoke_rules_on_delete": false,
            "tags": {
              "Name": "efs-sg-tf"
            },
            "tags_all": {
              "Name": "efs-sg-tf"
            },
            "timeouts": null,
            "vpc_id": "vpc-0ff8672d0ccc3cc11"
          },
          "sensitive_attributes": [],
          "private": "eyJlMmJmYjczMC1lY2FhLTExZTYtOGY4OC0zNDM2M2JjN2M0YzAiOnsiY3JlYXRlIjo2MDAwMDAwMDAwMDAsImRlbGV0ZSI6OTAwMDAwMDAwMDAwfSwic2NoZW1hX3ZlcnNpb24iOiIxIn0=",
          "dependencies": [
            "aws_vpc.vpc-tf"
          ]
        }
      ]
    },
    {
      "mode": "managed",
      "type": "aws_security_group",
      "name": "front-sg-tf",
      "provider": "provider[\"registry.terraform.io/hashicorp/aws\"]",
      "instances": [
        {
          "schema_version": 1,
          "attributes": {
            "arn": "arn:aws:ec2:us-east-1:690031176274:security-group/sg-0a0814e650b5272f5",
            "description": "SG para el trafico hacia el front",
            "egress": [
              {
                "cidr_blocks": [
                  "0.0.0.0/0"
                ],
                "description": "",
                "from_port": 0,
                "ipv6_cidr_blocks": [],
                "prefix_list_ids": [],
                "protocol": "-1",
                "security_groups": [],
                "self": false,
                "to_port": 0
              }
            ],
            "id": "sg-0a0814e650b5272f5",
            "ingress": [
              {
                "cidr_blocks": [
                  "0.0.0.0/0"
                ],
                "description": "HTTP",
                "from_port": 4200,
                "ipv6_cidr_blocks": [],
                "prefix_list_ids": [],
                "protocol": "tcp",
                "security_groups": [],
                "self": false,
                "to_port": 4200
              },
              {
                "cidr_blocks": [],
                "description": "SSH",
                "from_port": 22,
                "ipv6_cidr_blocks": [],
                "prefix_list_ids": [],
                "protocol": "tcp",
                "security_groups": [
                  "sg-0558130baae3ea2da"
                ],
                "self": false,
                "to_port": 22
              }
            ],
            "name": "front-sg-tf",
            "name_prefix": "",
            "owner_id": "690031176274",
            "revoke_rules_on_delete": false,
            "tags": {
              "Name": "front-sg-tf"
            },
            "tags_all": {
              "Name": "front-sg-tf"
            },
            "timeouts": null,
            "vpc_id": "vpc-0ff8672d0ccc3cc11"
          },
          "sensitive_attributes": [],
          "private": "eyJlMmJmYjczMC1lY2FhLTExZTYtOGY4OC0zNDM2M2JjN2M0YzAiOnsiY3JlYXRlIjo2MDAwMDAwMDAwMDAsImRlbGV0ZSI6OTAwMDAwMDAwMDAwfSwic2NoZW1hX3ZlcnNpb24iOiIxIn0=",
          "dependencies": [
            "aws_security_group.bastion-sg-tf",
            "aws_vpc.vpc-tf"
          ]
        }
      ]
    },
    {
      "mode": "managed",
      "type": "aws_security_group",
      "name": "servicios-sg-tf",
      "provider": "provider[\"registry.terraform.io/hashicorp/aws\"]",
      "instances": [
        {
          "schema_version": 1,
          "attributes": {
            "arn": "arn:aws:ec2:us-east-1:690031176274:security-group/sg-0fe386af3c2b0d306",
            "description": "SG para el trafico hacia los servicios",
            "egress": [
              {
                "cidr_blocks": [
                  "0.0.0.0/0"
                ],
                "description": "",
                "from_port": 0,
                "ipv6_cidr_blocks": [],
                "prefix_list_ids": [],
                "protocol": "-1",
                "security_groups": [],
                "self": false,
                "to_port": 0
              }
            ],
            "id": "sg-0fe386af3c2b0d306",
            "ingress": [
              {
                "cidr_blocks": [
                  "0.0.0.0/0"
                ],
                "description": "HTTP",
                "from_port": 8080,
                "ipv6_cidr_blocks": [],
                "prefix_list_ids": [],
                "protocol": "tcp",
                "security_groups": [],
                "self": false,
                "to_port": 8080
              },
              {
                "cidr_blocks": [
                  "0.0.0.0/0"
                ],
                "description": "HTTP",
                "from_port": 8081,
                "ipv6_cidr_blocks": [],
                "prefix_list_ids": [],
                "protocol": "tcp",
                "security_groups": [],
                "self": false,
                "to_port": 8081
              },
              {
                "cidr_blocks": [
                  "0.0.0.0/0"
                ],
                "description": "HTTP",
                "from_port": 8082,
                "ipv6_cidr_blocks": [],
                "prefix_list_ids": [],
                "protocol": "tcp",
                "security_groups": [],
                "self": false,
                "to_port": 8082
              },
              {
                "cidr_blocks": [
                  "0.0.0.0/0"
                ],
                "description": "HTTP",
                "from_port": 8999,
                "ipv6_cidr_blocks": [],
                "prefix_list_ids": [],
                "protocol": "tcp",
                "security_groups": [],
                "self": false,
                "to_port": 8999
              },
              {
                "cidr_blocks": [
                  "0.0.0.0/0"
                ],
                "description": "HTTPS",
                "from_port": 443,
                "ipv6_cidr_blocks": [],
                "prefix_list_ids": [],
                "protocol": "tcp",
                "security_groups": [],
                "self": false,
                "to_port": 443
              },
              {
                "cidr_blocks": [],
                "description": "SSH",
                "from_port": 22,
                "ipv6_cidr_blocks": [],
                "prefix_list_ids": [],
                "protocol": "tcp",
                "security_groups": [
                  "sg-0558130baae3ea2da"
                ],
                "self": false,
                "to_port": 22
              }
            ],
            "name": "servicios-sg-tf",
            "name_prefix": "",
            "owner_id": "690031176274",
            "revoke_rules_on_delete": false,
            "tags": {
              "Name": "servicios-sg-tf"
            },
            "tags_all": {
              "Name": "servicios-sg-tf"
            },
            "timeouts": null,
            "vpc_id": "vpc-0ff8672d0ccc3cc11"
          },
          "sensitive_attributes": [],
          "private": "eyJlMmJmYjczMC1lY2FhLTExZTYtOGY4OC0zNDM2M2JjN2M0YzAiOnsiY3JlYXRlIjo2MDAwMDAwMDAwMDAsImRlbGV0ZSI6OTAwMDAwMDAwMDAwfSwic2NoZW1hX3ZlcnNpb24iOiIxIn0=",
          "dependencies": [
            "aws_security_group.bastion-sg-tf",
            "aws_vpc.vpc-tf"
          ]
        }
      ]
    },
    {
      "mode": "managed",
      "type": "aws_subnet",
      "name": "subred-databases-1a-tf",
      "provider": "provider[\"registry.terraform.io/hashicorp/aws\"]",
      "instances": [
        {
          "schema_version": 1,
          "attributes": {
            "arn": "arn:aws:ec2:us-east-1:690031176274:subnet/subnet-0621d0458d4b48d0f",
            "assign_ipv6_address_on_creation": false,
            "availability_zone": "us-east-1a",
            "availability_zone_id": "use1-az2",
            "cidr_block": "10.1.30.0/24",
            "customer_owned_ipv4_pool": "",
            "enable_dns64": false,
            "enable_resource_name_dns_a_record_on_launch": false,
            "enable_resource_name_dns_aaaa_record_on_launch": false,
            "id": "subnet-0621d0458d4b48d0f",
            "ipv6_cidr_block": "",
            "ipv6_cidr_block_association_id": "",
            "ipv6_native": false,
            "map_customer_owned_ip_on_launch": false,
            "map_public_ip_on_launch": false,
            "outpost_arn": "",
            "owner_id": "690031176274",
            "private_dns_hostname_type_on_launch": "ip-name",
            "tags": {
              "Name": "subred-databases-1a-tf"
            },
            "tags_all": {
              "Name": "subred-databases-1a-tf"
            },
            "timeouts": null,
            "vpc_id": "vpc-0ff8672d0ccc3cc11"
          },
          "sensitive_attributes": [],
          "private": "eyJlMmJmYjczMC1lY2FhLTExZTYtOGY4OC0zNDM2M2JjN2M0YzAiOnsiY3JlYXRlIjo2MDAwMDAwMDAwMDAsImRlbGV0ZSI6MTIwMDAwMDAwMDAwMH0sInNjaGVtYV92ZXJzaW9uIjoiMSJ9",
          "dependencies": [
            "aws_vpc.vpc-tf"
          ]
        }
      ]
    },
    {
      "mode": "managed",
      "type": "aws_subnet",
      "name": "subred-databases-1b-tf",
      "provider": "provider[\"registry.terraform.io/hashicorp/aws\"]",
      "instances": [
        {
          "schema_version": 1,
          "attributes": {
            "arn": "arn:aws:ec2:us-east-1:690031176274:subnet/subnet-030c492f2d77888ef",
            "assign_ipv6_address_on_creation": false,
            "availability_zone": "us-east-1b",
            "availability_zone_id": "use1-az4",
            "cidr_block": "10.1.40.0/24",
            "customer_owned_ipv4_pool": "",
            "enable_dns64": false,
            "enable_resource_name_dns_a_record_on_launch": false,
            "enable_resource_name_dns_aaaa_record_on_launch": false,
            "id": "subnet-030c492f2d77888ef",
            "ipv6_cidr_block": "",
            "ipv6_cidr_block_association_id": "",
            "ipv6_native": false,
            "map_customer_owned_ip_on_launch": false,
            "map_public_ip_on_launch": false,
            "outpost_arn": "",
            "owner_id": "690031176274",
            "private_dns_hostname_type_on_launch": "ip-name",
            "tags": {
              "Name": "subred-databases-1b-tf"
            },
            "tags_all": {
              "Name": "subred-databases-1b-tf"
            },
            "timeouts": null,
            "vpc_id": "vpc-0ff8672d0ccc3cc11"
          },
          "sensitive_attributes": [],
          "private": "eyJlMmJmYjczMC1lY2FhLTExZTYtOGY4OC0zNDM2M2JjN2M0YzAiOnsiY3JlYXRlIjo2MDAwMDAwMDAwMDAsImRlbGV0ZSI6MTIwMDAwMDAwMDAwMH0sInNjaGVtYV92ZXJzaW9uIjoiMSJ9",
          "dependencies": [
            "aws_vpc.vpc-tf"
          ]
        }
      ]
    },
    {
      "mode": "managed",
      "type": "aws_subnet",
      "name": "subred-front-1b-tf",
      "provider": "provider[\"registry.terraform.io/hashicorp/aws\"]",
      "instances": [
        {
          "schema_version": 1,
          "attributes": {
            "arn": "arn:aws:ec2:us-east-1:690031176274:subnet/subnet-0e15c3d7d0e1fc11b",
            "assign_ipv6_address_on_creation": false,
            "availability_zone": "us-east-1b",
            "availability_zone_id": "use1-az4",
            "cidr_block": "10.1.20.0/24",
            "customer_owned_ipv4_pool": "",
            "enable_dns64": false,
            "enable_resource_name_dns_a_record_on_launch": false,
            "enable_resource_name_dns_aaaa_record_on_launch": false,
            "id": "subnet-0e15c3d7d0e1fc11b",
            "ipv6_cidr_block": "",
            "ipv6_cidr_block_association_id": "",
            "ipv6_native": false,
            "map_customer_owned_ip_on_launch": false,
            "map_public_ip_on_launch": true,
            "outpost_arn": "",
            "owner_id": "690031176274",
            "private_dns_hostname_type_on_launch": "ip-name",
            "tags": {
              "Name": "subred-front-1b-tf"
            },
            "tags_all": {
              "Name": "subred-front-1b-tf"
            },
            "timeouts": null,
            "vpc_id": "vpc-0ff8672d0ccc3cc11"
          },
          "sensitive_attributes": [],
          "private": "eyJlMmJmYjczMC1lY2FhLTExZTYtOGY4OC0zNDM2M2JjN2M0YzAiOnsiY3JlYXRlIjo2MDAwMDAwMDAwMDAsImRlbGV0ZSI6MTIwMDAwMDAwMDAwMH0sInNjaGVtYV92ZXJzaW9uIjoiMSJ9",
          "dependencies": [
            "aws_vpc.vpc-tf"
          ]
        }
      ]
    },
    {
      "mode": "managed",
      "type": "aws_subnet",
      "name": "subred-servicios-1a-tf",
      "provider": "provider[\"registry.terraform.io/hashicorp/aws\"]",
      "instances": [
        {
          "schema_version": 1,
          "attributes": {
            "arn": "arn:aws:ec2:us-east-1:690031176274:subnet/subnet-02f91e2468446f16a",
            "assign_ipv6_address_on_creation": false,
            "availability_zone": "us-east-1a",
            "availability_zone_id": "use1-az2",
            "cidr_block": "10.1.10.0/24",
            "customer_owned_ipv4_pool": "",
            "enable_dns64": false,
            "enable_resource_name_dns_a_record_on_launch": false,
            "enable_resource_name_dns_aaaa_record_on_launch": false,
            "id": "subnet-02f91e2468446f16a",
            "ipv6_cidr_block": "",
            "ipv6_cidr_block_association_id": "",
            "ipv6_native": false,
            "map_customer_owned_ip_on_launch": false,
            "map_public_ip_on_launch": true,
            "outpost_arn": "",
            "owner_id": "690031176274",
            "private_dns_hostname_type_on_launch": "ip-name",
            "tags": {
              "Name": "subred-servicios-1a-tf"
            },
            "tags_all": {
              "Name": "subred-servicios-1a-tf"
            },
            "timeouts": null,
            "vpc_id": "vpc-0ff8672d0ccc3cc11"
          },
          "sensitive_attributes": [],
          "private": "eyJlMmJmYjczMC1lY2FhLTExZTYtOGY4OC0zNDM2M2JjN2M0YzAiOnsiY3JlYXRlIjo2MDAwMDAwMDAwMDAsImRlbGV0ZSI6MTIwMDAwMDAwMDAwMH0sInNjaGVtYV92ZXJzaW9uIjoiMSJ9",
          "dependencies": [
            "aws_vpc.vpc-tf"
          ]
        }
      ]
    },
    {
      "mode": "managed",
      "type": "aws_vpc",
      "name": "vpc-tf",
      "provider": "provider[\"registry.terraform.io/hashicorp/aws\"]",
      "instances": [
        {
          "schema_version": 1,
          "attributes": {
            "arn": "arn:aws:ec2:us-east-1:690031176274:vpc/vpc-0ff8672d0ccc3cc11",
            "assign_generated_ipv6_cidr_block": false,
            "cidr_block": "10.1.0.0/16",
            "default_network_acl_id": "acl-07ca115aa7bd1ee34",
            "default_route_table_id": "rtb-0856db645286f2702",
            "default_security_group_id": "sg-0aa3ee8d8290fd290",
            "dhcp_options_id": "dopt-004e64d0b5e69221a",
            "enable_classiclink": false,
            "enable_classiclink_dns_support": false,
            "enable_dns_hostnames": true,
            "enable_dns_support": true,
            "enable_network_address_usage_metrics": false,
            "id": "vpc-0ff8672d0ccc3cc11",
            "instance_tenancy": "default",
            "ipv4_ipam_pool_id": null,
            "ipv4_netmask_length": null,
            "ipv6_association_id": "",
            "ipv6_cidr_block": "",
            "ipv6_cidr_block_network_border_group": "",
            "ipv6_ipam_pool_id": "",
            "ipv6_netmask_length": 0,
            "main_route_table_id": "rtb-0856db645286f2702",
            "owner_id": "690031176274",
            "tags": {
              "Name": "vpc-tf"
            },
            "tags_all": {
              "Name": "vpc-tf"
            }
          },
          "sensitive_attributes": [],
          "private": "eyJzY2hlbWFfdmVyc2lvbiI6IjEifQ=="
        }
      ]
    },
    {
      "mode": "managed",
      "type": "aws_vpc_endpoint",
      "name": "s3-endpoint-tf",
      "provider": "provider[\"registry.terraform.io/hashicorp/aws\"]",
      "instances": [
        {
          "schema_version": 0,
          "attributes": {
            "arn": "arn:aws:ec2:us-east-1:690031176274:vpc-endpoint/vpce-0c508a40fea604763",
            "auto_accept": null,
            "cidr_blocks": [
              "16.182.0.0/16",
              "18.34.0.0/19",
              "52.216.0.0/15",
              "54.231.0.0/16",
              "3.5.0.0/19",
              "18.34.232.0/21"
            ],
            "dns_entry": [],
            "dns_options": [],
            "id": "vpce-0c508a40fea604763",
            "ip_address_type": "",
            "network_interface_ids": [],
            "owner_id": "690031176274",
            "policy": "{\"Statement\":[{\"Action\":\"*\",\"Effect\":\"Allow\",\"Principal\":\"*\",\"Resource\":\"*\"}],\"Version\":\"2008-10-17\"}",
            "prefix_list_id": "pl-63a5400a",
            "private_dns_enabled": false,
            "requester_managed": false,
            "route_table_ids": [],
            "security_group_ids": [],
            "service_name": "com.amazonaws.us-east-1.s3",
            "state": "available",
            "subnet_ids": [],
            "tags": {
              "Name": "s3-endpoint-tf"
            },
            "tags_all": {
              "Name": "s3-endpoint-tf"
            },
            "timeouts": null,
            "vpc_endpoint_type": "Gateway",
            "vpc_id": "vpc-0ff8672d0ccc3cc11"
          },
          "sensitive_attributes": [],
          "private": "eyJlMmJmYjczMC1lY2FhLTExZTYtOGY4OC0zNDM2M2JjN2M0YzAiOnsiY3JlYXRlIjo2MDAwMDAwMDAwMDAsImRlbGV0ZSI6NjAwMDAwMDAwMDAwLCJ1cGRhdGUiOjYwMDAwMDAwMDAwMH19",
          "dependencies": [
            "aws_vpc.vpc-tf"
          ]
        }
      ]
    },
    {
      "mode": "managed",
      "type": "aws_vpc_endpoint_route_table_association",
      "name": "tabla-databases-s3-endpoint",
      "provider": "provider[\"registry.terraform.io/hashicorp/aws\"]",
      "instances": [
        {
          "schema_version": 0,
          "attributes": {
            "id": "a-vpce-0c508a40fea6047633036594325",
            "route_table_id": "rtb-06dc8c0c5d4876686",
            "vpc_endpoint_id": "vpce-0c508a40fea604763"
          },
          "sensitive_attributes": [],
          "private": "bnVsbA==",
          "dependencies": [
            "aws_eip.ip-eslastica-nat-tf",
            "aws_nat_gateway.nat-gateway-tf",
            "aws_route_table.tabla-rutas-databases-tf",
            "aws_subnet.subred-front-1b-tf",
            "aws_vpc.vpc-tf",
            "aws_vpc_endpoint.s3-endpoint-tf"
          ]
        }
      ]
    },
    {
      "mode": "managed",
      "type": "aws_vpc_endpoint_route_table_association",
      "name": "tabla-internet-s3-endpoint",
      "provider": "provider[\"registry.terraform.io/hashicorp/aws\"]",
      "instances": [
        {
          "schema_version": 0,
          "attributes": {
            "id": "a-vpce-0c508a40fea6047633953022679",
            "route_table_id": "rtb-0113c3f196189f024",
            "vpc_endpoint_id": "vpce-0c508a40fea604763"
          },
          "sensitive_attributes": [],
          "private": "bnVsbA==",
          "dependencies": [
            "aws_internet_gateway.igw-tf",
            "aws_route_table.tabla-rutas-internet-tf",
            "aws_vpc.vpc-tf",
            "aws_vpc_endpoint.s3-endpoint-tf"
          ]
        }
      ]
    }
  ],
  "check_results": null
}
